{
  "version": 4,
  "terraform_version": "1.4.5",
  "serial": 138,
  "lineage": "43ef02e1-4320-3e48-5616-940b04eac3f9",
  "outputs": {
    "flow_log_id": {
      "value": "fl-0e3fb6d11bc351329",
      "type": "string"
    },
    "load_balancer_external_dns": {
      "value": "frontend-1796279257.us-east-1.elb.amazonaws.com",
      "type": "string"
    },
    "load_balancer_internal_dns": {
      "value": "backend-1267404827.us-east-1.elb.amazonaws.com",
      "type": "string"
    },
    "s3_bucket_name": {
      "value": "bc-umg-is-tf-vpc-flow-log",
      "type": "string"
    },
    "vpc_id": {
      "value": "vpc-0ac4f798023280716",
      "type": "string"
    }
  },
  "resources": [
    {
      "mode": "data",
      "type": "template_file",
      "name": "user_data",
      "provider": "provider[\"registry.terraform.io/hashicorp/template\"]",
      "instances": [
        {
          "schema_version": 0,
          "attributes": {
            "filename": null,
            "id": "7342f6023d4d9623325c4f662c07f96bf5e81d1f75aee20ac1ca4d5b8df0b0ae",
            "rendered": "#!/bin/bash\ncd /home/ubuntu/\ntouch /home/ubuntu/myscript.sh\n# Guardar texto en el archivo.\necho \"\\\napt-get update -y\napt-get upgrade -y\napt-get install jq -y \n\n# Clona el repositorio\ngit clone https://github.com/AnahiJuarez85/Modulo_Ventas.git\ncd Modulo_Ventas\n\necho \"REACT_APP_BACKEND_URL=http://'backend-1267404827.us-east-1.elb.amazonaws.com':3000\" \u003e .env\n\n\n# Instala el paquete apache2\napt install apache2 -y\n\nufw allow 'Apache'\n\n\n# Inicia y habilita el servicio apache2\nsystemctl start apache2.service\nsystemctl enable apache2.service\n\n# Instalar Node.js y npm\nsudo apt-get install -y nodejs npm\n\n# Verificar la instalación\nnode -v\nnpm -v\n\n# Compilar el frontend.\nnpm install \u0026\u0026 npm run build\n\n\ncp -r /home/ubuntu/webappdemo/client/build/* /var/www/html/\n\" \u003e /home/ubuntu/myscript.sh\n\nchmod u+x /home/ubuntu/myscript.sh\n\n. /home/ubuntu/myscript.sh\n\n\n",
            "template": "#!/bin/bash\ncd /home/ubuntu/\ntouch /home/ubuntu/myscript.sh\n# Guardar texto en el archivo.\necho \"\\\napt-get update -y\napt-get upgrade -y\napt-get install jq -y \n\n# Clona el repositorio\ngit clone https://github.com/AnahiJuarez85/Modulo_Ventas.git\ncd Modulo_Ventas\n\necho \"REACT_APP_BACKEND_URL=http://'${lb_dns}':3000\" \u003e .env\n\n\n# Instala el paquete apache2\napt install apache2 -y\n\nufw allow 'Apache'\n\n\n# Inicia y habilita el servicio apache2\nsystemctl start apache2.service\nsystemctl enable apache2.service\n\n# Instalar Node.js y npm\nsudo apt-get install -y nodejs npm\n\n# Verificar la instalación\nnode -v\nnpm -v\n\n# Compilar el frontend.\nnpm install \u0026\u0026 npm run build\n\n\ncp -r /home/ubuntu/webappdemo/client/build/* /var/www/html/\n\" \u003e /home/ubuntu/myscript.sh\n\nchmod u+x /home/ubuntu/myscript.sh\n\n. /home/ubuntu/myscript.sh\n\n\n",
            "vars": {
              "lb_dns": "backend-1267404827.us-east-1.elb.amazonaws.com"
            }
          },
          "sensitive_attributes": []
        }
      ]
    },
    {
      "mode": "managed",
      "type": "aws_eip",
      "name": "nat",
      "provider": "provider[\"registry.terraform.io/hashicorp/aws\"]",
      "instances": [
        {
          "schema_version": 0,
          "attributes": {
            "address": null,
            "allocation_id": "eipalloc-0003590cff8b96ca9",
            "associate_with_private_ip": null,
            "association_id": "",
            "carrier_ip": "",
            "customer_owned_ip": "",
            "customer_owned_ipv4_pool": "",
            "domain": "vpc",
            "id": "eipalloc-0003590cff8b96ca9",
            "instance": "",
            "network_border_group": "us-east-1",
            "network_interface": "",
            "private_dns": null,
            "private_ip": "",
            "public_dns": "ec2-50-19-239-219.compute-1.amazonaws.com",
            "public_ip": "50.19.239.219",
            "public_ipv4_pool": "amazon",
            "tags": {
              "Environment": "dev",
              "Name": "umg-is-tf-nat-eip",
              "Path": "terraform/nat-gateway.tf"
            },
            "tags_all": {
              "Environment": "dev",
              "Name": "umg-is-tf-nat-eip",
              "Path": "terraform/nat-gateway.tf"
            },
            "timeouts": null,
            "vpc": true
          },
          "sensitive_attributes": [],
          "private": "eyJlMmJmYjczMC1lY2FhLTExZTYtOGY4OC0zNDM2M2JjN2M0YzAiOnsiZGVsZXRlIjoxODAwMDAwMDAwMDAsInJlYWQiOjkwMDAwMDAwMDAwMCwidXBkYXRlIjozMDAwMDAwMDAwMDB9fQ=="
        }
      ]
    },
    {
      "mode": "managed",
      "type": "aws_flow_log",
      "name": "this",
      "provider": "provider[\"registry.terraform.io/hashicorp/aws\"]",
      "instances": [
        {
          "schema_version": 0,
          "attributes": {
            "arn": "arn:aws:ec2:us-east-1:831187637319:vpc-flow-log/fl-0e3fb6d11bc351329",
            "deliver_cross_account_role": "",
            "destination_options": [
              {
                "file_format": "plain-text",
                "hive_compatible_partitions": false,
                "per_hour_partition": false
              }
            ],
            "eni_id": null,
            "iam_role_arn": "",
            "id": "fl-0e3fb6d11bc351329",
            "log_destination": "arn:aws:s3:::bc-umg-is-tf-vpc-flow-log",
            "log_destination_type": "s3",
            "log_format": "${version} ${account-id} ${interface-id} ${srcaddr} ${dstaddr} ${srcport} ${dstport} ${protocol} ${packets} ${bytes} ${start} ${end} ${action} ${log-status}",
            "log_group_name": "",
            "max_aggregation_interval": 600,
            "subnet_id": null,
            "tags": null,
            "tags_all": {},
            "traffic_type": "ALL",
            "transit_gateway_attachment_id": null,
            "transit_gateway_id": null,
            "vpc_id": "vpc-0ac4f798023280716"
          },
          "sensitive_attributes": [],
          "private": "bnVsbA==",
          "dependencies": [
            "aws_s3_bucket.this",
            "aws_vpc.this"
          ]
        }
      ]
    },
    {
      "mode": "managed",
      "type": "aws_instance",
      "name": "ec2-db-1",
      "provider": "provider[\"registry.terraform.io/hashicorp/aws\"]",
      "instances": [
        {
          "index_key": 0,
          "schema_version": 1,
          "attributes": {
            "ami": "ami-007855ac798b5175e",
            "arn": "arn:aws:ec2:us-east-1:831187637319:instance/i-095ed594c14fde260",
            "associate_public_ip_address": false,
            "availability_zone": "us-east-1a",
            "capacity_reservation_specification": [
              {
                "capacity_reservation_preference": "open",
                "capacity_reservation_target": []
              }
            ],
            "cpu_core_count": 1,
            "cpu_options": [
              {
                "amd_sev_snp": "",
                "core_count": 1,
                "threads_per_core": 1
              }
            ],
            "cpu_threads_per_core": 1,
            "credit_specification": [
              {
                "cpu_credits": "standard"
              }
            ],
            "disable_api_stop": false,
            "disable_api_termination": false,
            "ebs_block_device": [],
            "ebs_optimized": false,
            "enclave_options": [
              {
                "enabled": false
              }
            ],
            "ephemeral_block_device": [],
            "get_password_data": false,
            "hibernation": false,
            "host_id": "",
            "host_resource_group_arn": null,
            "iam_instance_profile": "",
            "id": "i-095ed594c14fde260",
            "instance_initiated_shutdown_behavior": "stop",
            "instance_state": "running",
            "instance_type": "t2.micro",
            "ipv6_address_count": 0,
            "ipv6_addresses": [],
            "key_name": "generated_key",
            "launch_template": [],
            "maintenance_options": [
              {
                "auto_recovery": "default"
              }
            ],
            "metadata_options": [
              {
                "http_endpoint": "enabled",
                "http_put_response_hop_limit": 1,
                "http_tokens": "optional",
                "instance_metadata_tags": "disabled"
              }
            ],
            "monitoring": false,
            "network_interface": [],
            "outpost_arn": "",
            "password_data": "",
            "placement_group": "",
            "placement_partition_number": 0,
            "primary_network_interface_id": "eni-038dfb1db617b9dfc",
            "private_dns": "ip-192-168-4-30.ec2.internal",
            "private_dns_name_options": [
              {
                "enable_resource_name_dns_a_record": false,
                "enable_resource_name_dns_aaaa_record": false,
                "hostname_type": "ip-name"
              }
            ],
            "private_ip": "192.168.4.30",
            "public_dns": "",
            "public_ip": "",
            "root_block_device": [
              {
                "delete_on_termination": true,
                "device_name": "/dev/sda1",
                "encrypted": false,
                "iops": 100,
                "kms_key_id": "",
                "tags": {},
                "throughput": 0,
                "volume_id": "vol-07a328daf24a94a4e",
                "volume_size": 8,
                "volume_type": "gp2"
              }
            ],
            "secondary_private_ips": [],
            "security_groups": [],
            "source_dest_check": true,
            "subnet_id": "subnet-025d26b359d874eb5",
            "tags": {
              "Environment": "dev",
              "Name": "umg-is-tf-ec2-db-1",
              "Path": "terraform/ec2-db.tf"
            },
            "tags_all": {
              "Environment": "dev",
              "Name": "umg-is-tf-ec2-db-1",
              "Path": "terraform/ec2-db.tf"
            },
            "tenancy": "default",
            "timeouts": null,
            "user_data": "c046eac80d9df08a8dbdf8f3a621a1b3793a1551",
            "user_data_base64": null,
            "user_data_replace_on_change": false,
            "volume_tags": null,
            "vpc_security_group_ids": [
              "sg-0fa766301650080b8"
            ]
          },
          "sensitive_attributes": [],
          "private": "eyJlMmJmYjczMC1lY2FhLTExZTYtOGY4OC0zNDM2M2JjN2M0YzAiOnsiY3JlYXRlIjo2MDAwMDAwMDAwMDAsImRlbGV0ZSI6MTIwMDAwMDAwMDAwMCwidXBkYXRlIjo2MDAwMDAwMDAwMDB9LCJzY2hlbWFfdmVyc2lvbiI6IjEifQ==",
          "dependencies": [
            "aws_key_pair.generated_key",
            "aws_s3_bucket.this",
            "aws_security_group.db",
            "aws_subnet.db-subnet-1",
            "aws_vpc.this",
            "tls_private_key.this"
          ]
        }
      ]
    },
    {
      "mode": "managed",
      "type": "aws_instance",
      "name": "ec2-db-2",
      "provider": "provider[\"registry.terraform.io/hashicorp/aws\"]",
      "instances": [
        {
          "index_key": 0,
          "schema_version": 1,
          "attributes": {
            "ami": "ami-007855ac798b5175e",
            "arn": "arn:aws:ec2:us-east-1:831187637319:instance/i-09cd337fb2eb75fa5",
            "associate_public_ip_address": false,
            "availability_zone": "us-east-1b",
            "capacity_reservation_specification": [
              {
                "capacity_reservation_preference": "open",
                "capacity_reservation_target": []
              }
            ],
            "cpu_core_count": 1,
            "cpu_options": [
              {
                "amd_sev_snp": "",
                "core_count": 1,
                "threads_per_core": 1
              }
            ],
            "cpu_threads_per_core": 1,
            "credit_specification": [
              {
                "cpu_credits": "standard"
              }
            ],
            "disable_api_stop": false,
            "disable_api_termination": false,
            "ebs_block_device": [],
            "ebs_optimized": false,
            "enclave_options": [
              {
                "enabled": false
              }
            ],
            "ephemeral_block_device": [],
            "get_password_data": false,
            "hibernation": false,
            "host_id": "",
            "host_resource_group_arn": null,
            "iam_instance_profile": "",
            "id": "i-09cd337fb2eb75fa5",
            "instance_initiated_shutdown_behavior": "stop",
            "instance_state": "running",
            "instance_type": "t2.micro",
            "ipv6_address_count": 0,
            "ipv6_addresses": [],
            "key_name": "generated_key",
            "launch_template": [],
            "maintenance_options": [
              {
                "auto_recovery": "default"
              }
            ],
            "metadata_options": [
              {
                "http_endpoint": "enabled",
                "http_put_response_hop_limit": 1,
                "http_tokens": "optional",
                "instance_metadata_tags": "disabled"
              }
            ],
            "monitoring": false,
            "network_interface": [],
            "outpost_arn": "",
            "password_data": "",
            "placement_group": "",
            "placement_partition_number": 0,
            "primary_network_interface_id": "eni-01c51b8cceac3c8c3",
            "private_dns": "ip-192-168-5-45.ec2.internal",
            "private_dns_name_options": [
              {
                "enable_resource_name_dns_a_record": false,
                "enable_resource_name_dns_aaaa_record": false,
                "hostname_type": "ip-name"
              }
            ],
            "private_ip": "192.168.5.45",
            "public_dns": "",
            "public_ip": "",
            "root_block_device": [
              {
                "delete_on_termination": true,
                "device_name": "/dev/sda1",
                "encrypted": false,
                "iops": 100,
                "kms_key_id": "",
                "tags": {},
                "throughput": 0,
                "volume_id": "vol-0f0efd20531d344fb",
                "volume_size": 8,
                "volume_type": "gp2"
              }
            ],
            "secondary_private_ips": [],
            "security_groups": [],
            "source_dest_check": true,
            "subnet_id": "subnet-0820bbafc19e1164e",
            "tags": {
              "Environment": "dev",
              "Name": "umg-is-tf-ec2-db-2",
              "Path": "terraform/ec2-db.tf"
            },
            "tags_all": {
              "Environment": "dev",
              "Name": "umg-is-tf-ec2-db-2",
              "Path": "terraform/ec2-db.tf"
            },
            "tenancy": "default",
            "timeouts": null,
            "user_data": "c046eac80d9df08a8dbdf8f3a621a1b3793a1551",
            "user_data_base64": null,
            "user_data_replace_on_change": false,
            "volume_tags": null,
            "vpc_security_group_ids": [
              "sg-0fa766301650080b8"
            ]
          },
          "sensitive_attributes": [],
          "private": "eyJlMmJmYjczMC1lY2FhLTExZTYtOGY4OC0zNDM2M2JjN2M0YzAiOnsiY3JlYXRlIjo2MDAwMDAwMDAwMDAsImRlbGV0ZSI6MTIwMDAwMDAwMDAwMCwidXBkYXRlIjo2MDAwMDAwMDAwMDB9LCJzY2hlbWFfdmVyc2lvbiI6IjEifQ==",
          "dependencies": [
            "aws_eip.nat",
            "aws_key_pair.generated_key",
            "aws_nat_gateway.nat",
            "aws_s3_bucket.this",
            "aws_security_group.db",
            "aws_subnet.db-subnet-2",
            "aws_subnet.public-subnet-1",
            "aws_vpc.this",
            "tls_private_key.this"
          ]
        }
      ]
    },
    {
      "mode": "managed",
      "type": "aws_instance",
      "name": "ec2-private-1",
      "provider": "provider[\"registry.terraform.io/hashicorp/aws\"]",
      "instances": [
        {
          "index_key": 0,
          "schema_version": 1,
          "attributes": {
            "ami": "ami-007855ac798b5175e",
            "arn": "arn:aws:ec2:us-east-1:831187637319:instance/i-047cdb8cf311caecd",
            "associate_public_ip_address": false,
            "availability_zone": "us-east-1a",
            "capacity_reservation_specification": [
              {
                "capacity_reservation_preference": "open",
                "capacity_reservation_target": []
              }
            ],
            "cpu_core_count": 1,
            "cpu_options": [
              {
                "amd_sev_snp": "",
                "core_count": 1,
                "threads_per_core": 1
              }
            ],
            "cpu_threads_per_core": 1,
            "credit_specification": [
              {
                "cpu_credits": "standard"
              }
            ],
            "disable_api_stop": false,
            "disable_api_termination": false,
            "ebs_block_device": [],
            "ebs_optimized": false,
            "enclave_options": [
              {
                "enabled": false
              }
            ],
            "ephemeral_block_device": [],
            "get_password_data": false,
            "hibernation": false,
            "host_id": "",
            "host_resource_group_arn": null,
            "iam_instance_profile": "",
            "id": "i-047cdb8cf311caecd",
            "instance_initiated_shutdown_behavior": "stop",
            "instance_state": "running",
            "instance_type": "t2.micro",
            "ipv6_address_count": 0,
            "ipv6_addresses": [],
            "key_name": "generated_key",
            "launch_template": [],
            "maintenance_options": [
              {
                "auto_recovery": "default"
              }
            ],
            "metadata_options": [
              {
                "http_endpoint": "enabled",
                "http_put_response_hop_limit": 1,
                "http_tokens": "optional",
                "instance_metadata_tags": "disabled"
              }
            ],
            "monitoring": false,
            "network_interface": [],
            "outpost_arn": "",
            "password_data": "",
            "placement_group": "",
            "placement_partition_number": 0,
            "primary_network_interface_id": "eni-0aaea944016c5da82",
            "private_dns": "ip-192-168-0-168.ec2.internal",
            "private_dns_name_options": [
              {
                "enable_resource_name_dns_a_record": false,
                "enable_resource_name_dns_aaaa_record": false,
                "hostname_type": "ip-name"
              }
            ],
            "private_ip": "192.168.0.168",
            "public_dns": "",
            "public_ip": "",
            "root_block_device": [
              {
                "delete_on_termination": true,
                "device_name": "/dev/sda1",
                "encrypted": false,
                "iops": 100,
                "kms_key_id": "",
                "tags": {},
                "throughput": 0,
                "volume_id": "vol-0a5368473bf814a8b",
                "volume_size": 8,
                "volume_type": "gp2"
              }
            ],
            "secondary_private_ips": [],
            "security_groups": [],
            "source_dest_check": true,
            "subnet_id": "subnet-018d0aa994ce80d99",
            "tags": {
              "Environment": "dev",
              "Name": "umg-is-tf-ec2-private-1",
              "Path": "terraform/ec2-private.tf"
            },
            "tags_all": {
              "Environment": "dev",
              "Name": "umg-is-tf-ec2-private-1",
              "Path": "terraform/ec2-private.tf"
            },
            "tenancy": "default",
            "timeouts": null,
            "user_data": "c046eac80d9df08a8dbdf8f3a621a1b3793a1551",
            "user_data_base64": null,
            "user_data_replace_on_change": false,
            "volume_tags": null,
            "vpc_security_group_ids": [
              "sg-0127e926052e57bb2"
            ]
          },
          "sensitive_attributes": [],
          "private": "eyJlMmJmYjczMC1lY2FhLTExZTYtOGY4OC0zNDM2M2JjN2M0YzAiOnsiY3JlYXRlIjo2MDAwMDAwMDAwMDAsImRlbGV0ZSI6MTIwMDAwMDAwMDAwMCwidXBkYXRlIjo2MDAwMDAwMDAwMDB9LCJzY2hlbWFfdmVyc2lvbiI6IjEifQ==",
          "dependencies": [
            "aws_key_pair.generated_key",
            "aws_s3_bucket.this",
            "aws_security_group.alb-private",
            "aws_security_group.private",
            "aws_subnet.private-subnet-1",
            "aws_vpc.this",
            "tls_private_key.this"
          ]
        }
      ]
    },
    {
      "mode": "managed",
      "type": "aws_instance",
      "name": "ec2-private-2",
      "provider": "provider[\"registry.terraform.io/hashicorp/aws\"]",
      "instances": [
        {
          "index_key": 0,
          "schema_version": 1,
          "attributes": {
            "ami": "ami-007855ac798b5175e",
            "arn": "arn:aws:ec2:us-east-1:831187637319:instance/i-0c07c3ae803328efb",
            "associate_public_ip_address": false,
            "availability_zone": "us-east-1b",
            "capacity_reservation_specification": [
              {
                "capacity_reservation_preference": "open",
                "capacity_reservation_target": []
              }
            ],
            "cpu_core_count": 1,
            "cpu_options": [
              {
                "amd_sev_snp": "",
                "core_count": 1,
                "threads_per_core": 1
              }
            ],
            "cpu_threads_per_core": 1,
            "credit_specification": [
              {
                "cpu_credits": "standard"
              }
            ],
            "disable_api_stop": false,
            "disable_api_termination": false,
            "ebs_block_device": [],
            "ebs_optimized": false,
            "enclave_options": [
              {
                "enabled": false
              }
            ],
            "ephemeral_block_device": [],
            "get_password_data": false,
            "hibernation": false,
            "host_id": "",
            "host_resource_group_arn": null,
            "iam_instance_profile": "",
            "id": "i-0c07c3ae803328efb",
            "instance_initiated_shutdown_behavior": "stop",
            "instance_state": "running",
            "instance_type": "t2.micro",
            "ipv6_address_count": 0,
            "ipv6_addresses": [],
            "key_name": "generated_key",
            "launch_template": [],
            "maintenance_options": [
              {
                "auto_recovery": "default"
              }
            ],
            "metadata_options": [
              {
                "http_endpoint": "enabled",
                "http_put_response_hop_limit": 1,
                "http_tokens": "optional",
                "instance_metadata_tags": "disabled"
              }
            ],
            "monitoring": false,
            "network_interface": [],
            "outpost_arn": "",
            "password_data": "",
            "placement_group": "",
            "placement_partition_number": 0,
            "primary_network_interface_id": "eni-0c57e57077a957601",
            "private_dns": "ip-192-168-1-127.ec2.internal",
            "private_dns_name_options": [
              {
                "enable_resource_name_dns_a_record": false,
                "enable_resource_name_dns_aaaa_record": false,
                "hostname_type": "ip-name"
              }
            ],
            "private_ip": "192.168.1.127",
            "public_dns": "",
            "public_ip": "",
            "root_block_device": [
              {
                "delete_on_termination": true,
                "device_name": "/dev/sda1",
                "encrypted": false,
                "iops": 100,
                "kms_key_id": "",
                "tags": {},
                "throughput": 0,
                "volume_id": "vol-07af10aab353e0d81",
                "volume_size": 8,
                "volume_type": "gp2"
              }
            ],
            "secondary_private_ips": [],
            "security_groups": [],
            "source_dest_check": true,
            "subnet_id": "subnet-07a94b8d3ce617673",
            "tags": {
              "Environment": "dev",
              "Name": "umg-is-tf-ec2-private-2",
              "Path": "terraform/ec2-private.tf"
            },
            "tags_all": {
              "Environment": "dev",
              "Name": "umg-is-tf-ec2-private-2",
              "Path": "terraform/ec2-private.tf"
            },
            "tenancy": "default",
            "timeouts": null,
            "user_data": "c046eac80d9df08a8dbdf8f3a621a1b3793a1551",
            "user_data_base64": null,
            "user_data_replace_on_change": false,
            "volume_tags": null,
            "vpc_security_group_ids": [
              "sg-0127e926052e57bb2"
            ]
          },
          "sensitive_attributes": [],
          "private": "eyJlMmJmYjczMC1lY2FhLTExZTYtOGY4OC0zNDM2M2JjN2M0YzAiOnsiY3JlYXRlIjo2MDAwMDAwMDAwMDAsImRlbGV0ZSI6MTIwMDAwMDAwMDAwMCwidXBkYXRlIjo2MDAwMDAwMDAwMDB9LCJzY2hlbWFfdmVyc2lvbiI6IjEifQ==",
          "dependencies": [
            "aws_eip.nat",
            "aws_key_pair.generated_key",
            "aws_nat_gateway.nat",
            "aws_route_table.private",
            "aws_s3_bucket.this",
            "aws_security_group.alb-private",
            "aws_security_group.private",
            "aws_subnet.private-subnet-2",
            "aws_subnet.public-subnet-1",
            "aws_vpc.this",
            "tls_private_key.this"
          ]
        }
      ]
    },
    {
      "mode": "managed",
      "type": "aws_instance",
      "name": "ec2-public-1",
      "provider": "provider[\"registry.terraform.io/hashicorp/aws\"]",
      "instances": [
        {
          "index_key": 0,
          "schema_version": 1,
          "attributes": {
            "ami": "ami-007855ac798b5175e",
            "arn": "arn:aws:ec2:us-east-1:831187637319:instance/i-08f546730be9210db",
            "associate_public_ip_address": true,
            "availability_zone": "us-east-1a",
            "capacity_reservation_specification": [
              {
                "capacity_reservation_preference": "open",
                "capacity_reservation_target": []
              }
            ],
            "cpu_core_count": 1,
            "cpu_options": [
              {
                "amd_sev_snp": "",
                "core_count": 1,
                "threads_per_core": 1
              }
            ],
            "cpu_threads_per_core": 1,
            "credit_specification": [
              {
                "cpu_credits": "standard"
              }
            ],
            "disable_api_stop": false,
            "disable_api_termination": false,
            "ebs_block_device": [],
            "ebs_optimized": false,
            "enclave_options": [
              {
                "enabled": false
              }
            ],
            "ephemeral_block_device": [],
            "get_password_data": false,
            "hibernation": false,
            "host_id": "",
            "host_resource_group_arn": null,
            "iam_instance_profile": "",
            "id": "i-08f546730be9210db",
            "instance_initiated_shutdown_behavior": "stop",
            "instance_state": "running",
            "instance_type": "t2.micro",
            "ipv6_address_count": 0,
            "ipv6_addresses": [],
            "key_name": "generated_key",
            "launch_template": [],
            "maintenance_options": [
              {
                "auto_recovery": "default"
              }
            ],
            "metadata_options": [
              {
                "http_endpoint": "enabled",
                "http_put_response_hop_limit": 1,
                "http_tokens": "optional",
                "instance_metadata_tags": "disabled"
              }
            ],
            "monitoring": false,
            "network_interface": [],
            "outpost_arn": "",
            "password_data": "",
            "placement_group": "",
            "placement_partition_number": 0,
            "primary_network_interface_id": "eni-0b5fd58bb8e9e0e11",
            "private_dns": "ip-192-168-2-192.ec2.internal",
            "private_dns_name_options": [
              {
                "enable_resource_name_dns_a_record": false,
                "enable_resource_name_dns_aaaa_record": false,
                "hostname_type": "ip-name"
              }
            ],
            "private_ip": "192.168.2.192",
            "public_dns": "",
            "public_ip": "184.72.186.85",
            "root_block_device": [
              {
                "delete_on_termination": true,
                "device_name": "/dev/sda1",
                "encrypted": false,
                "iops": 100,
                "kms_key_id": "",
                "tags": {},
                "throughput": 0,
                "volume_id": "vol-08b013e0a462a5b94",
                "volume_size": 8,
                "volume_type": "gp2"
              }
            ],
            "secondary_private_ips": [],
            "security_groups": [],
            "source_dest_check": true,
            "subnet_id": "subnet-015c822170ea8052a",
            "tags": {
              "Environment": "dev",
              "Name": "umg-is-tf-ec2-public-1",
              "Path": "terraform/ec2-public.tf"
            },
            "tags_all": {
              "Environment": "dev",
              "Name": "umg-is-tf-ec2-public-1",
              "Path": "terraform/ec2-public.tf"
            },
            "tenancy": "default",
            "timeouts": null,
            "user_data": "ef1aae91d4fca3fca513f8ff5d85f5505d4917c9",
            "user_data_base64": null,
            "user_data_replace_on_change": false,
            "volume_tags": null,
            "vpc_security_group_ids": [
              "sg-022c6738bb03c2446"
            ]
          },
          "sensitive_attributes": [],
          "private": "eyJlMmJmYjczMC1lY2FhLTExZTYtOGY4OC0zNDM2M2JjN2M0YzAiOnsiY3JlYXRlIjo2MDAwMDAwMDAwMDAsImRlbGV0ZSI6MTIwMDAwMDAwMDAwMCwidXBkYXRlIjo2MDAwMDAwMDAwMDB9LCJzY2hlbWFfdmVyc2lvbiI6IjEifQ==",
          "dependencies": [
            "aws_key_pair.generated_key",
            "aws_lb.internal-alb",
            "aws_s3_bucket.this",
            "aws_security_group.alb-private",
            "aws_security_group.alb-public",
            "aws_security_group.public",
            "aws_subnet.private-subnet-1",
            "aws_subnet.private-subnet-2",
            "aws_subnet.public-subnet-1",
            "aws_vpc.this",
            "data.template_file.user_data",
            "tls_private_key.this"
          ]
        }
      ]
    },
    {
      "mode": "managed",
      "type": "aws_instance",
      "name": "ec2-public-2",
      "provider": "provider[\"registry.terraform.io/hashicorp/aws\"]",
      "instances": [
        {
          "index_key": 0,
          "schema_version": 1,
          "attributes": {
            "ami": "ami-007855ac798b5175e",
            "arn": "arn:aws:ec2:us-east-1:831187637319:instance/i-096f95d8d62793ffa",
            "associate_public_ip_address": true,
            "availability_zone": "us-east-1b",
            "capacity_reservation_specification": [
              {
                "capacity_reservation_preference": "open",
                "capacity_reservation_target": []
              }
            ],
            "cpu_core_count": 1,
            "cpu_options": [
              {
                "amd_sev_snp": "",
                "core_count": 1,
                "threads_per_core": 1
              }
            ],
            "cpu_threads_per_core": 1,
            "credit_specification": [
              {
                "cpu_credits": "standard"
              }
            ],
            "disable_api_stop": false,
            "disable_api_termination": false,
            "ebs_block_device": [],
            "ebs_optimized": false,
            "enclave_options": [
              {
                "enabled": false
              }
            ],
            "ephemeral_block_device": [],
            "get_password_data": false,
            "hibernation": false,
            "host_id": "",
            "host_resource_group_arn": null,
            "iam_instance_profile": "",
            "id": "i-096f95d8d62793ffa",
            "instance_initiated_shutdown_behavior": "stop",
            "instance_state": "running",
            "instance_type": "t2.micro",
            "ipv6_address_count": 0,
            "ipv6_addresses": [],
            "key_name": "generated_key",
            "launch_template": [],
            "maintenance_options": [
              {
                "auto_recovery": "default"
              }
            ],
            "metadata_options": [
              {
                "http_endpoint": "enabled",
                "http_put_response_hop_limit": 1,
                "http_tokens": "optional",
                "instance_metadata_tags": "disabled"
              }
            ],
            "monitoring": false,
            "network_interface": [],
            "outpost_arn": "",
            "password_data": "",
            "placement_group": "",
            "placement_partition_number": 0,
            "primary_network_interface_id": "eni-063c941c5433b15eb",
            "private_dns": "ip-192-168-3-140.ec2.internal",
            "private_dns_name_options": [
              {
                "enable_resource_name_dns_a_record": false,
                "enable_resource_name_dns_aaaa_record": false,
                "hostname_type": "ip-name"
              }
            ],
            "private_ip": "192.168.3.140",
            "public_dns": "",
            "public_ip": "107.22.130.71",
            "root_block_device": [
              {
                "delete_on_termination": true,
                "device_name": "/dev/sda1",
                "encrypted": false,
                "iops": 100,
                "kms_key_id": "",
                "tags": {},
                "throughput": 0,
                "volume_id": "vol-031a9305e6a4110ab",
                "volume_size": 8,
                "volume_type": "gp2"
              }
            ],
            "secondary_private_ips": [],
            "security_groups": [],
            "source_dest_check": true,
            "subnet_id": "subnet-0f9d26b21e543d23e",
            "tags": {
              "Environment": "dev",
              "Name": "umg-is-tf-ec2-public-2",
              "Path": "terraform/11-ec2-public.tf"
            },
            "tags_all": {
              "Environment": "dev",
              "Name": "umg-is-tf-ec2-public-2",
              "Path": "terraform/11-ec2-public.tf"
            },
            "tenancy": "default",
            "timeouts": null,
            "user_data": "ef1aae91d4fca3fca513f8ff5d85f5505d4917c9",
            "user_data_base64": null,
            "user_data_replace_on_change": false,
            "volume_tags": null,
            "vpc_security_group_ids": [
              "sg-022c6738bb03c2446"
            ]
          },
          "sensitive_attributes": [],
          "private": "eyJlMmJmYjczMC1lY2FhLTExZTYtOGY4OC0zNDM2M2JjN2M0YzAiOnsiY3JlYXRlIjo2MDAwMDAwMDAwMDAsImRlbGV0ZSI6MTIwMDAwMDAwMDAwMCwidXBkYXRlIjo2MDAwMDAwMDAwMDB9LCJzY2hlbWFfdmVyc2lvbiI6IjEifQ==",
          "dependencies": [
            "aws_key_pair.generated_key",
            "aws_lb.internal-alb",
            "aws_s3_bucket.this",
            "aws_security_group.alb-private",
            "aws_security_group.alb-public",
            "aws_security_group.public",
            "aws_subnet.private-subnet-1",
            "aws_subnet.private-subnet-2",
            "aws_subnet.public-subnet-2",
            "aws_vpc.this",
            "data.template_file.user_data",
            "tls_private_key.this"
          ]
        }
      ]
    },
    {
      "mode": "managed",
      "type": "aws_internet_gateway",
      "name": "this",
      "provider": "provider[\"registry.terraform.io/hashicorp/aws\"]",
      "instances": [
        {
          "schema_version": 0,
          "attributes": {
            "arn": "arn:aws:ec2:us-east-1:831187637319:internet-gateway/igw-0e23848f23fbbed1f",
            "id": "igw-0e23848f23fbbed1f",
            "owner_id": "831187637319",
            "tags": null,
            "tags_all": {},
            "timeouts": null,
            "vpc_id": "vpc-0ac4f798023280716"
          },
          "sensitive_attributes": [],
          "private": "eyJlMmJmYjczMC1lY2FhLTExZTYtOGY4OC0zNDM2M2JjN2M0YzAiOnsiY3JlYXRlIjoxMjAwMDAwMDAwMDAwLCJkZWxldGUiOjEyMDAwMDAwMDAwMDAsInVwZGF0ZSI6MTIwMDAwMDAwMDAwMH19",
          "dependencies": [
            "aws_s3_bucket.this",
            "aws_vpc.this"
          ]
        }
      ]
    },
    {
      "mode": "managed",
      "type": "aws_key_pair",
      "name": "generated_key",
      "provider": "provider[\"registry.terraform.io/hashicorp/aws\"]",
      "instances": [
        {
          "schema_version": 1,
          "attributes": {
            "arn": "arn:aws:ec2:us-east-1:831187637319:key-pair/generated_key",
            "fingerprint": "76:93:74:21:6c:d5:5e:b5:4b:34:56:a5:df:16:1c:6d",
            "id": "generated_key",
            "key_name": "generated_key",
            "key_name_prefix": "",
            "key_pair_id": "key-0a7dfb7657b1b7bbc",
            "key_type": "rsa",
            "public_key": "ssh-rsa AAAAB3NzaC1yc2EAAAADAQABAAABAQDO/+zk1h8mQknY0IwKh7BXSuYjS6f9SI8jp0e0lIWN/IKpjXWvO3nrhcsyqp2dhriadb1Zj+nqPCJCDly4rWrX806lBUHe6HQIi0IlFUd7mQWy8MzqFyzORnD3vljAKp5ALo78TdrqWmlpvK5I6CdO9ZWCgdW/eGPuc5LpKiShlrJThIibxjkvAzyVGwPbSVRTMiH3Rux2AIU/qiJ1Ks3h1EODyMxiFZqPKulKeCIiVu4ASu44Se3PPoQAluFP4vOYrHPq1QjDX+Fi55PYbAq9y48g11LLMt1TiqD4mmStMhea+cZSI0j9ybuXHodFx7cjod6+5hJ/wGf2y/0fvCeF",
            "tags": null,
            "tags_all": {}
          },
          "sensitive_attributes": [],
          "private": "eyJzY2hlbWFfdmVyc2lvbiI6IjEifQ==",
          "dependencies": [
            "tls_private_key.this"
          ]
        }
      ]
    },
    {
      "mode": "managed",
      "type": "aws_lb",
      "name": "external-alb",
      "provider": "provider[\"registry.terraform.io/hashicorp/aws\"]",
      "instances": [
        {
          "schema_version": 0,
          "attributes": {
            "access_logs": [
              {
                "bucket": "",
                "enabled": false,
                "prefix": ""
              }
            ],
            "arn": "arn:aws:elasticloadbalancing:us-east-1:831187637319:loadbalancer/app/frontend/c3b1b5cf6e8a59ed",
            "arn_suffix": "app/frontend/c3b1b5cf6e8a59ed",
            "customer_owned_ipv4_pool": "",
            "desync_mitigation_mode": "defensive",
            "dns_name": "frontend-1796279257.us-east-1.elb.amazonaws.com",
            "drop_invalid_header_fields": false,
            "enable_cross_zone_load_balancing": true,
            "enable_deletion_protection": false,
            "enable_http2": true,
            "enable_tls_version_and_cipher_suite_headers": false,
            "enable_waf_fail_open": false,
            "enable_xff_client_port": false,
            "id": "arn:aws:elasticloadbalancing:us-east-1:831187637319:loadbalancer/app/frontend/c3b1b5cf6e8a59ed",
            "idle_timeout": 60,
            "internal": false,
            "ip_address_type": "ipv4",
            "load_balancer_type": "application",
            "name": "frontend",
            "name_prefix": null,
            "preserve_host_header": false,
            "security_groups": [
              "sg-03ef22103245f79d1"
            ],
            "subnet_mapping": [
              {
                "allocation_id": "",
                "ipv6_address": "",
                "outpost_id": "",
                "private_ipv4_address": "",
                "subnet_id": "subnet-015c822170ea8052a"
              },
              {
                "allocation_id": "",
                "ipv6_address": "",
                "outpost_id": "",
                "private_ipv4_address": "",
                "subnet_id": "subnet-0f9d26b21e543d23e"
              }
            ],
            "subnets": [
              "subnet-015c822170ea8052a",
              "subnet-0f9d26b21e543d23e"
            ],
            "tags": null,
            "tags_all": {},
            "timeouts": null,
            "vpc_id": "vpc-0ac4f798023280716",
            "xff_header_processing_mode": "append",
            "zone_id": "Z35SXDOTRQ7X7K"
          },
          "sensitive_attributes": [],
          "private": "eyJlMmJmYjczMC1lY2FhLTExZTYtOGY4OC0zNDM2M2JjN2M0YzAiOnsiY3JlYXRlIjo2MDAwMDAwMDAwMDAsImRlbGV0ZSI6NjAwMDAwMDAwMDAwLCJ1cGRhdGUiOjYwMDAwMDAwMDAwMH19",
          "dependencies": [
            "aws_s3_bucket.this",
            "aws_security_group.alb-public",
            "aws_subnet.public-subnet-1",
            "aws_subnet.public-subnet-2",
            "aws_vpc.this"
          ]
        }
      ]
    },
    {
      "mode": "managed",
      "type": "aws_lb",
      "name": "internal-alb",
      "provider": "provider[\"registry.terraform.io/hashicorp/aws\"]",
      "instances": [
        {
          "schema_version": 0,
          "attributes": {
            "access_logs": [
              {
                "bucket": "",
                "enabled": false,
                "prefix": ""
              }
            ],
            "arn": "arn:aws:elasticloadbalancing:us-east-1:831187637319:loadbalancer/app/backend/b43653413e8cc89f",
            "arn_suffix": "app/backend/b43653413e8cc89f",
            "customer_owned_ipv4_pool": "",
            "desync_mitigation_mode": "defensive",
            "dns_name": "backend-1267404827.us-east-1.elb.amazonaws.com",
            "drop_invalid_header_fields": false,
            "enable_cross_zone_load_balancing": true,
            "enable_deletion_protection": false,
            "enable_http2": true,
            "enable_tls_version_and_cipher_suite_headers": false,
            "enable_waf_fail_open": false,
            "enable_xff_client_port": false,
            "id": "arn:aws:elasticloadbalancing:us-east-1:831187637319:loadbalancer/app/backend/b43653413e8cc89f",
            "idle_timeout": 60,
            "internal": false,
            "ip_address_type": "ipv4",
            "load_balancer_type": "application",
            "name": "backend",
            "name_prefix": null,
            "preserve_host_header": false,
            "security_groups": [
              "sg-041058082c17466f2"
            ],
            "subnet_mapping": [
              {
                "allocation_id": "",
                "ipv6_address": "",
                "outpost_id": "",
                "private_ipv4_address": "",
                "subnet_id": "subnet-018d0aa994ce80d99"
              },
              {
                "allocation_id": "",
                "ipv6_address": "",
                "outpost_id": "",
                "private_ipv4_address": "",
                "subnet_id": "subnet-07a94b8d3ce617673"
              }
            ],
            "subnets": [
              "subnet-018d0aa994ce80d99",
              "subnet-07a94b8d3ce617673"
            ],
            "tags": null,
            "tags_all": {},
            "timeouts": null,
            "vpc_id": "vpc-0ac4f798023280716",
            "xff_header_processing_mode": "append",
            "zone_id": "Z35SXDOTRQ7X7K"
          },
          "sensitive_attributes": [],
          "private": "eyJlMmJmYjczMC1lY2FhLTExZTYtOGY4OC0zNDM2M2JjN2M0YzAiOnsiY3JlYXRlIjo2MDAwMDAwMDAwMDAsImRlbGV0ZSI6NjAwMDAwMDAwMDAwLCJ1cGRhdGUiOjYwMDAwMDAwMDAwMH19",
          "dependencies": [
            "aws_s3_bucket.this",
            "aws_security_group.alb-private",
            "aws_subnet.private-subnet-1",
            "aws_subnet.private-subnet-2",
            "aws_vpc.this"
          ]
        }
      ]
    },
    {
      "mode": "managed",
      "type": "aws_lb_listener",
      "name": "external-elb",
      "provider": "provider[\"registry.terraform.io/hashicorp/aws\"]",
      "instances": [
        {
          "schema_version": 0,
          "attributes": {
            "alpn_policy": null,
            "arn": "arn:aws:elasticloadbalancing:us-east-1:831187637319:listener/app/frontend/c3b1b5cf6e8a59ed/84b67df002c3abdd",
            "certificate_arn": null,
            "default_action": [
              {
                "authenticate_cognito": [],
                "authenticate_oidc": [],
                "fixed_response": [],
                "forward": [],
                "order": 1,
                "redirect": [],
                "target_group_arn": "arn:aws:elasticloadbalancing:us-east-1:831187637319:targetgroup/External-ALB-TG/161c782cc9421822",
                "type": "forward"
              }
            ],
            "id": "arn:aws:elasticloadbalancing:us-east-1:831187637319:listener/app/frontend/c3b1b5cf6e8a59ed/84b67df002c3abdd",
            "load_balancer_arn": "arn:aws:elasticloadbalancing:us-east-1:831187637319:loadbalancer/app/frontend/c3b1b5cf6e8a59ed",
            "port": 80,
            "protocol": "HTTP",
            "ssl_policy": "",
            "tags": null,
            "tags_all": {},
            "timeouts": null
          },
          "sensitive_attributes": [],
          "private": "eyJlMmJmYjczMC1lY2FhLTExZTYtOGY4OC0zNDM2M2JjN2M0YzAiOnsicmVhZCI6NjAwMDAwMDAwMDAwfX0=",
          "dependencies": [
            "aws_lb.external-alb",
            "aws_lb_target_group.external-target-elb",
            "aws_s3_bucket.this",
            "aws_security_group.alb-public",
            "aws_subnet.public-subnet-1",
            "aws_subnet.public-subnet-2",
            "aws_vpc.this"
          ]
        }
      ]
    },
    {
      "mode": "managed",
      "type": "aws_lb_listener",
      "name": "internal-alb",
      "provider": "provider[\"registry.terraform.io/hashicorp/aws\"]",
      "instances": [
        {
          "schema_version": 0,
          "attributes": {
            "alpn_policy": null,
            "arn": "arn:aws:elasticloadbalancing:us-east-1:831187637319:listener/app/backend/b43653413e8cc89f/ac87db52a993c591",
            "certificate_arn": null,
            "default_action": [
              {
                "authenticate_cognito": [],
                "authenticate_oidc": [],
                "fixed_response": [],
                "forward": [],
                "order": 1,
                "redirect": [],
                "target_group_arn": "arn:aws:elasticloadbalancing:us-east-1:831187637319:targetgroup/Internal-ALB-TG/6f4ffa96e36c0f0a",
                "type": "forward"
              }
            ],
            "id": "arn:aws:elasticloadbalancing:us-east-1:831187637319:listener/app/backend/b43653413e8cc89f/ac87db52a993c591",
            "load_balancer_arn": "arn:aws:elasticloadbalancing:us-east-1:831187637319:loadbalancer/app/backend/b43653413e8cc89f",
            "port": 3000,
            "protocol": "HTTP",
            "ssl_policy": "",
            "tags": null,
            "tags_all": {},
            "timeouts": null
          },
          "sensitive_attributes": [],
          "private": "eyJlMmJmYjczMC1lY2FhLTExZTYtOGY4OC0zNDM2M2JjN2M0YzAiOnsicmVhZCI6NjAwMDAwMDAwMDAwfX0=",
          "dependencies": [
            "aws_lb.internal-alb",
            "aws_lb_target_group.internal-target-alb",
            "aws_s3_bucket.this",
            "aws_security_group.alb-private",
            "aws_subnet.private-subnet-1",
            "aws_subnet.private-subnet-2",
            "aws_vpc.this"
          ]
        }
      ]
    },
    {
      "mode": "managed",
      "type": "aws_lb_target_group",
      "name": "external-target-elb",
      "provider": "provider[\"registry.terraform.io/hashicorp/aws\"]",
      "instances": [
        {
          "schema_version": 0,
          "attributes": {
            "arn": "arn:aws:elasticloadbalancing:us-east-1:831187637319:targetgroup/External-ALB-TG/161c782cc9421822",
            "arn_suffix": "targetgroup/External-ALB-TG/161c782cc9421822",
            "connection_termination": false,
            "deregistration_delay": "300",
            "health_check": [
              {
                "enabled": true,
                "healthy_threshold": 5,
                "interval": 30,
                "matcher": "200",
                "path": "/",
                "port": "traffic-port",
                "protocol": "HTTP",
                "timeout": 5,
                "unhealthy_threshold": 2
              }
            ],
            "id": "arn:aws:elasticloadbalancing:us-east-1:831187637319:targetgroup/External-ALB-TG/161c782cc9421822",
            "ip_address_type": "ipv4",
            "lambda_multi_value_headers_enabled": false,
            "load_balancing_algorithm_type": "round_robin",
            "load_balancing_cross_zone_enabled": "use_load_balancer_configuration",
            "name": "External-ALB-TG",
            "name_prefix": null,
            "port": 80,
            "preserve_client_ip": null,
            "protocol": "HTTP",
            "protocol_version": "HTTP1",
            "proxy_protocol_v2": false,
            "slow_start": 0,
            "stickiness": [
              {
                "cookie_duration": 86400,
                "cookie_name": "",
                "enabled": false,
                "type": "lb_cookie"
              }
            ],
            "tags": null,
            "tags_all": {},
            "target_failover": [
              {
                "on_deregistration": null,
                "on_unhealthy": null
              }
            ],
            "target_type": "instance",
            "vpc_id": "vpc-0ac4f798023280716"
          },
          "sensitive_attributes": [],
          "private": "bnVsbA==",
          "dependencies": [
            "aws_s3_bucket.this",
            "aws_vpc.this"
          ]
        }
      ]
    },
    {
      "mode": "managed",
      "type": "aws_lb_target_group",
      "name": "internal-target-alb",
      "provider": "provider[\"registry.terraform.io/hashicorp/aws\"]",
      "instances": [
        {
          "schema_version": 0,
          "attributes": {
            "arn": "arn:aws:elasticloadbalancing:us-east-1:831187637319:targetgroup/Internal-ALB-TG/6f4ffa96e36c0f0a",
            "arn_suffix": "targetgroup/Internal-ALB-TG/6f4ffa96e36c0f0a",
            "connection_termination": false,
            "deregistration_delay": "300",
            "health_check": [
              {
                "enabled": true,
                "healthy_threshold": 5,
                "interval": 30,
                "matcher": "200",
                "path": "/",
                "port": "traffic-port",
                "protocol": "HTTP",
                "timeout": 5,
                "unhealthy_threshold": 2
              }
            ],
            "id": "arn:aws:elasticloadbalancing:us-east-1:831187637319:targetgroup/Internal-ALB-TG/6f4ffa96e36c0f0a",
            "ip_address_type": "ipv4",
            "lambda_multi_value_headers_enabled": false,
            "load_balancing_algorithm_type": "round_robin",
            "load_balancing_cross_zone_enabled": "use_load_balancer_configuration",
            "name": "Internal-ALB-TG",
            "name_prefix": null,
            "port": 3000,
            "preserve_client_ip": null,
            "protocol": "HTTP",
            "protocol_version": "HTTP1",
            "proxy_protocol_v2": false,
            "slow_start": 0,
            "stickiness": [
              {
                "cookie_duration": 86400,
                "cookie_name": "",
                "enabled": false,
                "type": "lb_cookie"
              }
            ],
            "tags": null,
            "tags_all": {},
            "target_failover": [
              {
                "on_deregistration": null,
                "on_unhealthy": null
              }
            ],
            "target_type": "instance",
            "vpc_id": "vpc-0ac4f798023280716"
          },
          "sensitive_attributes": [],
          "private": "bnVsbA==",
          "dependencies": [
            "aws_s3_bucket.this",
            "aws_vpc.this"
          ]
        }
      ]
    },
    {
      "mode": "managed",
      "type": "aws_lb_target_group_attachment",
      "name": "external-attachment-1",
      "provider": "provider[\"registry.terraform.io/hashicorp/aws\"]",
      "instances": [
        {
          "schema_version": 0,
          "attributes": {
            "availability_zone": null,
            "id": "arn:aws:elasticloadbalancing:us-east-1:831187637319:targetgroup/External-ALB-TG/161c782cc9421822-20230603002637993900000010",
            "port": 80,
            "target_group_arn": "arn:aws:elasticloadbalancing:us-east-1:831187637319:targetgroup/External-ALB-TG/161c782cc9421822",
            "target_id": "i-08f546730be9210db"
          },
          "sensitive_attributes": [],
          "private": "bnVsbA==",
          "dependencies": [
            "aws_instance.ec2-public-1",
            "aws_key_pair.generated_key",
            "aws_lb.internal-alb",
            "aws_lb_target_group.external-target-elb",
            "aws_s3_bucket.this",
            "aws_security_group.alb-private",
            "aws_security_group.alb-public",
            "aws_security_group.public",
            "aws_subnet.private-subnet-1",
            "aws_subnet.private-subnet-2",
            "aws_subnet.public-subnet-1",
            "aws_vpc.this",
            "data.template_file.user_data",
            "tls_private_key.this"
          ]
        }
      ]
    },
    {
      "mode": "managed",
      "type": "aws_lb_target_group_attachment",
      "name": "external-attachment-2",
      "provider": "provider[\"registry.terraform.io/hashicorp/aws\"]",
      "instances": [
        {
          "schema_version": 0,
          "attributes": {
            "availability_zone": null,
            "id": "arn:aws:elasticloadbalancing:us-east-1:831187637319:targetgroup/External-ALB-TG/161c782cc9421822-20230603002649080400000011",
            "port": 80,
            "target_group_arn": "arn:aws:elasticloadbalancing:us-east-1:831187637319:targetgroup/External-ALB-TG/161c782cc9421822",
            "target_id": "i-096f95d8d62793ffa"
          },
          "sensitive_attributes": [],
          "private": "bnVsbA==",
          "dependencies": [
            "aws_instance.ec2-public-2",
            "aws_key_pair.generated_key",
            "aws_lb.internal-alb",
            "aws_lb_target_group.external-target-elb",
            "aws_s3_bucket.this",
            "aws_security_group.alb-private",
            "aws_security_group.alb-public",
            "aws_security_group.public",
            "aws_subnet.private-subnet-1",
            "aws_subnet.private-subnet-2",
            "aws_subnet.public-subnet-2",
            "aws_vpc.this",
            "data.template_file.user_data",
            "tls_private_key.this"
          ]
        }
      ]
    },
    {
      "mode": "managed",
      "type": "aws_lb_target_group_attachment",
      "name": "internal-attachment-1",
      "provider": "provider[\"registry.terraform.io/hashicorp/aws\"]",
      "instances": [
        {
          "schema_version": 0,
          "attributes": {
            "availability_zone": null,
            "id": "arn:aws:elasticloadbalancing:us-east-1:831187637319:targetgroup/Internal-ALB-TG/6f4ffa96e36c0f0a-2023060300242758470000000a",
            "port": 3000,
            "target_group_arn": "arn:aws:elasticloadbalancing:us-east-1:831187637319:targetgroup/Internal-ALB-TG/6f4ffa96e36c0f0a",
            "target_id": "i-047cdb8cf311caecd"
          },
          "sensitive_attributes": [],
          "private": "bnVsbA==",
          "dependencies": [
            "aws_instance.ec2-private-1",
            "aws_key_pair.generated_key",
            "aws_lb_target_group.internal-target-alb",
            "aws_s3_bucket.this",
            "aws_security_group.alb-private",
            "aws_security_group.private",
            "aws_subnet.private-subnet-1",
            "aws_vpc.this",
            "tls_private_key.this"
          ]
        }
      ]
    },
    {
      "mode": "managed",
      "type": "aws_lb_target_group_attachment",
      "name": "internal-attachment-2",
      "provider": "provider[\"registry.terraform.io/hashicorp/aws\"]",
      "instances": [
        {
          "schema_version": 0,
          "attributes": {
            "availability_zone": null,
            "id": "arn:aws:elasticloadbalancing:us-east-1:831187637319:targetgroup/Internal-ALB-TG/6f4ffa96e36c0f0a-2023060300260022120000000d",
            "port": 3000,
            "target_group_arn": "arn:aws:elasticloadbalancing:us-east-1:831187637319:targetgroup/Internal-ALB-TG/6f4ffa96e36c0f0a",
            "target_id": "i-0c07c3ae803328efb"
          },
          "sensitive_attributes": [],
          "private": "bnVsbA==",
          "dependencies": [
            "aws_eip.nat",
            "aws_instance.ec2-private-2",
            "aws_key_pair.generated_key",
            "aws_lb_target_group.internal-target-alb",
            "aws_nat_gateway.nat",
            "aws_route_table.private",
            "aws_s3_bucket.this",
            "aws_security_group.alb-private",
            "aws_security_group.private",
            "aws_subnet.private-subnet-2",
            "aws_subnet.public-subnet-1",
            "aws_vpc.this",
            "tls_private_key.this"
          ]
        }
      ]
    },
    {
      "mode": "managed",
      "type": "aws_nat_gateway",
      "name": "nat",
      "provider": "provider[\"registry.terraform.io/hashicorp/aws\"]",
      "instances": [
        {
          "schema_version": 0,
          "attributes": {
            "allocation_id": "eipalloc-0003590cff8b96ca9",
            "association_id": "eipassoc-07c0d5ba597c8615b",
            "connectivity_type": "public",
            "id": "nat-0be66ce4d595be084",
            "network_interface_id": "eni-0ea1aa533ed155d40",
            "private_ip": "192.168.2.185",
            "public_ip": "50.19.239.219",
            "subnet_id": "subnet-015c822170ea8052a",
            "tags": {
              "Environment": "dev",
              "Name": "umg-is-tf-nat-gateway",
              "Path": "terraform/nat-gateway.tf"
            },
            "tags_all": {
              "Environment": "dev",
              "Name": "umg-is-tf-nat-gateway",
              "Path": "terraform/nat-gateway.tf"
            }
          },
          "sensitive_attributes": [],
          "private": "bnVsbA==",
          "dependencies": [
            "aws_eip.nat",
            "aws_s3_bucket.this",
            "aws_subnet.public-subnet-1",
            "aws_vpc.this"
          ]
        }
      ]
    },
    {
      "mode": "managed",
      "type": "aws_route_table",
      "name": "private",
      "provider": "provider[\"registry.terraform.io/hashicorp/aws\"]",
      "instances": [
        {
          "schema_version": 0,
          "attributes": {
            "arn": "arn:aws:ec2:us-east-1:831187637319:route-table/rtb-0a13558ebaa9ac190",
            "id": "rtb-0a13558ebaa9ac190",
            "owner_id": "831187637319",
            "propagating_vgws": [],
            "route": [
              {
                "carrier_gateway_id": "",
                "cidr_block": "0.0.0.0/0",
                "core_network_arn": "",
                "destination_prefix_list_id": "",
                "egress_only_gateway_id": "",
                "gateway_id": "",
                "ipv6_cidr_block": "",
                "local_gateway_id": "",
                "nat_gateway_id": "nat-0be66ce4d595be084",
                "network_interface_id": "",
                "transit_gateway_id": "",
                "vpc_endpoint_id": "",
                "vpc_peering_connection_id": ""
              }
            ],
            "tags": {
              "Environment": "dev",
              "Name": "umg-is-tf-route_table-private",
              "Path": "terraform/routetable-nat-gateway.tf"
            },
            "tags_all": {
              "Environment": "dev",
              "Name": "umg-is-tf-route_table-private",
              "Path": "terraform/routetable-nat-gateway.tf"
            },
            "timeouts": null,
            "vpc_id": "vpc-0ac4f798023280716"
          },
          "sensitive_attributes": [],
          "private": "eyJlMmJmYjczMC1lY2FhLTExZTYtOGY4OC0zNDM2M2JjN2M0YzAiOnsiY3JlYXRlIjozMDAwMDAwMDAwMDAsImRlbGV0ZSI6MzAwMDAwMDAwMDAwLCJ1cGRhdGUiOjEyMDAwMDAwMDAwMH19",
          "dependencies": [
            "aws_eip.nat",
            "aws_nat_gateway.nat",
            "aws_s3_bucket.this",
            "aws_subnet.public-subnet-1",
            "aws_vpc.this"
          ]
        }
      ]
    },
    {
      "mode": "managed",
      "type": "aws_route_table",
      "name": "route",
      "provider": "provider[\"registry.terraform.io/hashicorp/aws\"]",
      "instances": [
        {
          "schema_version": 0,
          "attributes": {
            "arn": "arn:aws:ec2:us-east-1:831187637319:route-table/rtb-04e17e950fa8f4614",
            "id": "rtb-04e17e950fa8f4614",
            "owner_id": "831187637319",
            "propagating_vgws": [],
            "route": [
              {
                "carrier_gateway_id": "",
                "cidr_block": "0.0.0.0/0",
                "core_network_arn": "",
                "destination_prefix_list_id": "",
                "egress_only_gateway_id": "",
                "gateway_id": "igw-0e23848f23fbbed1f",
                "ipv6_cidr_block": "",
                "local_gateway_id": "",
                "nat_gateway_id": "",
                "network_interface_id": "",
                "transit_gateway_id": "",
                "vpc_endpoint_id": "",
                "vpc_peering_connection_id": ""
              }
            ],
            "tags": {
              "Name": "Route to internet"
            },
            "tags_all": {
              "Name": "Route to internet"
            },
            "timeouts": null,
            "vpc_id": "vpc-0ac4f798023280716"
          },
          "sensitive_attributes": [],
          "private": "eyJlMmJmYjczMC1lY2FhLTExZTYtOGY4OC0zNDM2M2JjN2M0YzAiOnsiY3JlYXRlIjozMDAwMDAwMDAwMDAsImRlbGV0ZSI6MzAwMDAwMDAwMDAwLCJ1cGRhdGUiOjEyMDAwMDAwMDAwMH19",
          "dependencies": [
            "aws_internet_gateway.this",
            "aws_s3_bucket.this",
            "aws_vpc.this"
          ]
        }
      ]
    },
    {
      "mode": "managed",
      "type": "aws_route_table_association",
      "name": "db-1",
      "provider": "provider[\"registry.terraform.io/hashicorp/aws\"]",
      "instances": [
        {
          "schema_version": 0,
          "attributes": {
            "gateway_id": "",
            "id": "rtbassoc-050379c92d2b28d97",
            "route_table_id": "rtb-0a13558ebaa9ac190",
            "subnet_id": "subnet-025d26b359d874eb5",
            "timeouts": null
          },
          "sensitive_attributes": [],
          "private": "eyJlMmJmYjczMC1lY2FhLTExZTYtOGY4OC0zNDM2M2JjN2M0YzAiOnsiY3JlYXRlIjozMDAwMDAwMDAwMDAsImRlbGV0ZSI6MzAwMDAwMDAwMDAwLCJ1cGRhdGUiOjEyMDAwMDAwMDAwMH19",
          "dependencies": [
            "aws_eip.nat",
            "aws_nat_gateway.nat",
            "aws_route_table.private",
            "aws_s3_bucket.this",
            "aws_subnet.db-subnet-1",
            "aws_subnet.public-subnet-1",
            "aws_vpc.this"
          ]
        }
      ]
    },
    {
      "mode": "managed",
      "type": "aws_route_table_association",
      "name": "db-2",
      "provider": "provider[\"registry.terraform.io/hashicorp/aws\"]",
      "instances": [
        {
          "schema_version": 0,
          "attributes": {
            "gateway_id": "",
            "id": "rtbassoc-061d0387ff10a46a3",
            "route_table_id": "rtb-0a13558ebaa9ac190",
            "subnet_id": "subnet-0820bbafc19e1164e",
            "timeouts": null
          },
          "sensitive_attributes": [],
          "private": "eyJlMmJmYjczMC1lY2FhLTExZTYtOGY4OC0zNDM2M2JjN2M0YzAiOnsiY3JlYXRlIjozMDAwMDAwMDAwMDAsImRlbGV0ZSI6MzAwMDAwMDAwMDAwLCJ1cGRhdGUiOjEyMDAwMDAwMDAwMH19",
          "dependencies": [
            "aws_eip.nat",
            "aws_nat_gateway.nat",
            "aws_route_table.private",
            "aws_s3_bucket.this",
            "aws_subnet.db-subnet-2",
            "aws_subnet.public-subnet-1",
            "aws_vpc.this"
          ]
        }
      ]
    },
    {
      "mode": "managed",
      "type": "aws_route_table_association",
      "name": "private-1",
      "provider": "provider[\"registry.terraform.io/hashicorp/aws\"]",
      "instances": [
        {
          "schema_version": 0,
          "attributes": {
            "gateway_id": "",
            "id": "rtbassoc-059ca9f8f008c8c2e",
            "route_table_id": "rtb-0a13558ebaa9ac190",
            "subnet_id": "subnet-018d0aa994ce80d99",
            "timeouts": null
          },
          "sensitive_attributes": [],
          "private": "eyJlMmJmYjczMC1lY2FhLTExZTYtOGY4OC0zNDM2M2JjN2M0YzAiOnsiY3JlYXRlIjozMDAwMDAwMDAwMDAsImRlbGV0ZSI6MzAwMDAwMDAwMDAwLCJ1cGRhdGUiOjEyMDAwMDAwMDAwMH19",
          "dependencies": [
            "aws_eip.nat",
            "aws_nat_gateway.nat",
            "aws_route_table.private",
            "aws_s3_bucket.this",
            "aws_subnet.private-subnet-1",
            "aws_subnet.public-subnet-1",
            "aws_vpc.this"
          ]
        }
      ]
    },
    {
      "mode": "managed",
      "type": "aws_route_table_association",
      "name": "private-2",
      "provider": "provider[\"registry.terraform.io/hashicorp/aws\"]",
      "instances": [
        {
          "schema_version": 0,
          "attributes": {
            "gateway_id": "",
            "id": "rtbassoc-0ced5cddcce1e473e",
            "route_table_id": "rtb-0a13558ebaa9ac190",
            "subnet_id": "subnet-07a94b8d3ce617673",
            "timeouts": null
          },
          "sensitive_attributes": [],
          "private": "eyJlMmJmYjczMC1lY2FhLTExZTYtOGY4OC0zNDM2M2JjN2M0YzAiOnsiY3JlYXRlIjozMDAwMDAwMDAwMDAsImRlbGV0ZSI6MzAwMDAwMDAwMDAwLCJ1cGRhdGUiOjEyMDAwMDAwMDAwMH19",
          "dependencies": [
            "aws_eip.nat",
            "aws_nat_gateway.nat",
            "aws_route_table.private",
            "aws_s3_bucket.this",
            "aws_subnet.private-subnet-2",
            "aws_subnet.public-subnet-1",
            "aws_vpc.this"
          ]
        }
      ]
    },
    {
      "mode": "managed",
      "type": "aws_route_table_association",
      "name": "rt1",
      "provider": "provider[\"registry.terraform.io/hashicorp/aws\"]",
      "instances": [
        {
          "schema_version": 0,
          "attributes": {
            "gateway_id": "",
            "id": "rtbassoc-063b7472ae69fe3b4",
            "route_table_id": "rtb-04e17e950fa8f4614",
            "subnet_id": "subnet-015c822170ea8052a",
            "timeouts": null
          },
          "sensitive_attributes": [],
          "private": "eyJlMmJmYjczMC1lY2FhLTExZTYtOGY4OC0zNDM2M2JjN2M0YzAiOnsiY3JlYXRlIjozMDAwMDAwMDAwMDAsImRlbGV0ZSI6MzAwMDAwMDAwMDAwLCJ1cGRhdGUiOjEyMDAwMDAwMDAwMH19",
          "dependencies": [
            "aws_internet_gateway.this",
            "aws_route_table.route",
            "aws_s3_bucket.this",
            "aws_subnet.public-subnet-1",
            "aws_vpc.this"
          ]
        }
      ]
    },
    {
      "mode": "managed",
      "type": "aws_route_table_association",
      "name": "rt2",
      "provider": "provider[\"registry.terraform.io/hashicorp/aws\"]",
      "instances": [
        {
          "schema_version": 0,
          "attributes": {
            "gateway_id": "",
            "id": "rtbassoc-07b046765da9255fa",
            "route_table_id": "rtb-04e17e950fa8f4614",
            "subnet_id": "subnet-0f9d26b21e543d23e",
            "timeouts": null
          },
          "sensitive_attributes": [],
          "private": "eyJlMmJmYjczMC1lY2FhLTExZTYtOGY4OC0zNDM2M2JjN2M0YzAiOnsiY3JlYXRlIjozMDAwMDAwMDAwMDAsImRlbGV0ZSI6MzAwMDAwMDAwMDAwLCJ1cGRhdGUiOjEyMDAwMDAwMDAwMH19",
          "dependencies": [
            "aws_internet_gateway.this",
            "aws_route_table.route",
            "aws_s3_bucket.this",
            "aws_subnet.public-subnet-2",
            "aws_vpc.this"
          ]
        }
      ]
    },
    {
      "mode": "managed",
      "type": "aws_s3_bucket",
      "name": "this",
      "provider": "provider[\"registry.terraform.io/hashicorp/aws\"]",
      "instances": [
        {
          "schema_version": 0,
          "attributes": {
            "acceleration_status": "",
            "acl": null,
            "arn": "arn:aws:s3:::bc-umg-is-tf-vpc-flow-log",
            "bucket": "bc-umg-is-tf-vpc-flow-log",
            "bucket_domain_name": "bc-umg-is-tf-vpc-flow-log.s3.amazonaws.com",
            "bucket_prefix": "",
            "bucket_regional_domain_name": "bc-umg-is-tf-vpc-flow-log.s3.us-east-1.amazonaws.com",
            "cors_rule": [],
            "force_destroy": false,
            "grant": [
              {
                "id": "3bde5f5f33e33b24cb55df9c5c38c58609daaeb88dafc09050ad71b9be272e2c",
                "permissions": [
                  "FULL_CONTROL"
                ],
                "type": "CanonicalUser",
                "uri": ""
              }
            ],
            "hosted_zone_id": "Z3AQBSTGFYJSTF",
            "id": "bc-umg-is-tf-vpc-flow-log",
            "lifecycle_rule": [],
            "logging": [],
            "object_lock_configuration": [],
            "object_lock_enabled": false,
            "policy": "",
            "region": "us-east-1",
            "replication_configuration": [],
            "request_payer": "BucketOwner",
            "server_side_encryption_configuration": [
              {
                "rule": [
                  {
                    "apply_server_side_encryption_by_default": [
                      {
                        "kms_master_key_id": "",
                        "sse_algorithm": "AES256"
                      }
                    ],
                    "bucket_key_enabled": false
                  }
                ]
              }
            ],
            "tags": {
              "Environment": "dev",
              "Name": "umg-is-tf-vpc-flow-log",
              "Path": "terraform/s3-flow.tf"
            },
            "tags_all": {
              "Environment": "dev",
              "Name": "umg-is-tf-vpc-flow-log",
              "Path": "terraform/s3-flow.tf"
            },
            "timeouts": null,
            "versioning": [
              {
                "enabled": false,
                "mfa_delete": false
              }
            ],
            "website": [],
            "website_domain": null,
            "website_endpoint": null
          },
          "sensitive_attributes": [],
          "private": "eyJlMmJmYjczMC1lY2FhLTExZTYtOGY4OC0zNDM2M2JjN2M0YzAiOnsiY3JlYXRlIjoxMjAwMDAwMDAwMDAwLCJkZWxldGUiOjM2MDAwMDAwMDAwMDAsInJlYWQiOjEyMDAwMDAwMDAwMDAsInVwZGF0ZSI6MTIwMDAwMDAwMDAwMH19"
        }
      ]
    },
    {
      "mode": "managed",
      "type": "aws_security_group",
      "name": "alb-private",
      "provider": "provider[\"registry.terraform.io/hashicorp/aws\"]",
      "instances": [
        {
          "schema_version": 1,
          "attributes": {
            "arn": "arn:aws:ec2:us-east-1:831187637319:security-group/sg-041058082c17466f2",
            "description": "Private ALB SG Group",
            "egress": [
              {
                "cidr_blocks": [
                  "0.0.0.0/0"
                ],
                "description": "",
                "from_port": 0,
                "ipv6_cidr_blocks": [],
                "prefix_list_ids": [],
                "protocol": "-1",
                "security_groups": [],
                "self": false,
                "to_port": 0
              }
            ],
            "id": "sg-041058082c17466f2",
            "ingress": [
              {
                "cidr_blocks": [
                  "0.0.0.0/0"
                ],
                "description": "",
                "from_port": 3000,
                "ipv6_cidr_blocks": [],
                "prefix_list_ids": [],
                "protocol": "tcp",
                "security_groups": [],
                "self": false,
                "to_port": 3000
              }
            ],
            "name": "umg-is-tf-sg-alb-private20230603002338775900000003",
            "name_prefix": "umg-is-tf-sg-alb-private",
            "owner_id": "831187637319",
            "revoke_rules_on_delete": false,
            "tags": null,
            "tags_all": {},
            "timeouts": null,
            "vpc_id": "vpc-0ac4f798023280716"
          },
          "sensitive_attributes": [],
          "private": "eyJlMmJmYjczMC1lY2FhLTExZTYtOGY4OC0zNDM2M2JjN2M0YzAiOnsiY3JlYXRlIjo2MDAwMDAwMDAwMDAsImRlbGV0ZSI6OTAwMDAwMDAwMDAwfSwic2NoZW1hX3ZlcnNpb24iOiIxIn0=",
          "dependencies": [
            "aws_s3_bucket.this",
            "aws_vpc.this"
          ]
        }
      ]
    },
    {
      "mode": "managed",
      "type": "aws_security_group",
      "name": "alb-public",
      "provider": "provider[\"registry.terraform.io/hashicorp/aws\"]",
      "instances": [
        {
          "schema_version": 1,
          "attributes": {
            "arn": "arn:aws:ec2:us-east-1:831187637319:security-group/sg-03ef22103245f79d1",
            "description": "Public ALB SG Group",
            "egress": [
              {
                "cidr_blocks": [
                  "0.0.0.0/0"
                ],
                "description": "",
                "from_port": 0,
                "ipv6_cidr_blocks": [],
                "prefix_list_ids": [],
                "protocol": "-1",
                "security_groups": [],
                "self": false,
                "to_port": 0
              }
            ],
            "id": "sg-03ef22103245f79d1",
            "ingress": [
              {
                "cidr_blocks": [
                  "0.0.0.0/0"
                ],
                "description": "",
                "from_port": 80,
                "ipv6_cidr_blocks": [],
                "prefix_list_ids": [],
                "protocol": "tcp",
                "security_groups": [],
                "self": false,
                "to_port": 80
              }
            ],
            "name": "umg-is-tf-sg-alb-public20230603002338890300000004",
            "name_prefix": "umg-is-tf-sg-alb-public",
            "owner_id": "831187637319",
            "revoke_rules_on_delete": false,
            "tags": null,
            "tags_all": {},
            "timeouts": null,
            "vpc_id": "vpc-0ac4f798023280716"
          },
          "sensitive_attributes": [],
          "private": "eyJlMmJmYjczMC1lY2FhLTExZTYtOGY4OC0zNDM2M2JjN2M0YzAiOnsiY3JlYXRlIjo2MDAwMDAwMDAwMDAsImRlbGV0ZSI6OTAwMDAwMDAwMDAwfSwic2NoZW1hX3ZlcnNpb24iOiIxIn0=",
          "dependencies": [
            "aws_s3_bucket.this",
            "aws_vpc.this"
          ]
        }
      ]
    },
    {
      "mode": "managed",
      "type": "aws_security_group",
      "name": "db",
      "provider": "provider[\"registry.terraform.io/hashicorp/aws\"]",
      "instances": [
        {
          "schema_version": 1,
          "attributes": {
            "arn": "arn:aws:ec2:us-east-1:831187637319:security-group/sg-0fa766301650080b8",
            "description": "DB SG Group",
            "egress": [
              {
                "cidr_blocks": [
                  "0.0.0.0/0"
                ],
                "description": "",
                "from_port": 0,
                "ipv6_cidr_blocks": [],
                "prefix_list_ids": [],
                "protocol": "-1",
                "security_groups": [],
                "self": false,
                "to_port": 0
              }
            ],
            "id": "sg-0fa766301650080b8",
            "ingress": [
              {
                "cidr_blocks": [
                  "192.168.0.0/24",
                  "192.168.1.0/24"
                ],
                "description": "",
                "from_port": 0,
                "ipv6_cidr_blocks": [],
                "prefix_list_ids": [],
                "protocol": "-1",
                "security_groups": [],
                "self": false,
                "to_port": 0
              }
            ],
            "name": "umg-is-tf-sg-db20230603002337725400000001",
            "name_prefix": "umg-is-tf-sg-db",
            "owner_id": "831187637319",
            "revoke_rules_on_delete": false,
            "tags": null,
            "tags_all": {},
            "timeouts": null,
            "vpc_id": "vpc-0ac4f798023280716"
          },
          "sensitive_attributes": [],
          "private": "eyJlMmJmYjczMC1lY2FhLTExZTYtOGY4OC0zNDM2M2JjN2M0YzAiOnsiY3JlYXRlIjo2MDAwMDAwMDAwMDAsImRlbGV0ZSI6OTAwMDAwMDAwMDAwfSwic2NoZW1hX3ZlcnNpb24iOiIxIn0=",
          "dependencies": [
            "aws_s3_bucket.this",
            "aws_vpc.this"
          ]
        }
      ]
    },
    {
      "mode": "managed",
      "type": "aws_security_group",
      "name": "private",
      "provider": "provider[\"registry.terraform.io/hashicorp/aws\"]",
      "instances": [
        {
          "schema_version": 1,
          "attributes": {
            "arn": "arn:aws:ec2:us-east-1:831187637319:security-group/sg-0127e926052e57bb2",
            "description": "Private SG Group",
            "egress": [
              {
                "cidr_blocks": [
                  "0.0.0.0/0"
                ],
                "description": "",
                "from_port": 0,
                "ipv6_cidr_blocks": [],
                "prefix_list_ids": [],
                "protocol": "-1",
                "security_groups": [],
                "self": false,
                "to_port": 0
              }
            ],
            "id": "sg-0127e926052e57bb2",
            "ingress": [
              {
                "cidr_blocks": [
                  "192.168.2.0/24",
                  "192.168.3.0/24"
                ],
                "description": "",
                "from_port": 0,
                "ipv6_cidr_blocks": [],
                "prefix_list_ids": [],
                "protocol": "-1",
                "security_groups": [],
                "self": false,
                "to_port": 0
              },
              {
                "cidr_blocks": [],
                "description": "",
                "from_port": 3000,
                "ipv6_cidr_blocks": [],
                "prefix_list_ids": [],
                "protocol": "tcp",
                "security_groups": [
                  "sg-041058082c17466f2"
                ],
                "self": false,
                "to_port": 3000
              }
            ],
            "name": "umg-is-tf-sg-private20230603002342041300000006",
            "name_prefix": "umg-is-tf-sg-private",
            "owner_id": "831187637319",
            "revoke_rules_on_delete": false,
            "tags": null,
            "tags_all": {},
            "timeouts": null,
            "vpc_id": "vpc-0ac4f798023280716"
          },
          "sensitive_attributes": [],
          "private": "eyJlMmJmYjczMC1lY2FhLTExZTYtOGY4OC0zNDM2M2JjN2M0YzAiOnsiY3JlYXRlIjo2MDAwMDAwMDAwMDAsImRlbGV0ZSI6OTAwMDAwMDAwMDAwfSwic2NoZW1hX3ZlcnNpb24iOiIxIn0=",
          "dependencies": [
            "aws_s3_bucket.this",
            "aws_security_group.alb-private",
            "aws_vpc.this"
          ]
        }
      ]
    },
    {
      "mode": "managed",
      "type": "aws_security_group",
      "name": "public",
      "provider": "provider[\"registry.terraform.io/hashicorp/aws\"]",
      "instances": [
        {
          "schema_version": 1,
          "attributes": {
            "arn": "arn:aws:ec2:us-east-1:831187637319:security-group/sg-022c6738bb03c2446",
            "description": "Public SG Group",
            "egress": [
              {
                "cidr_blocks": [
                  "0.0.0.0/0"
                ],
                "description": "",
                "from_port": 0,
                "ipv6_cidr_blocks": [],
                "prefix_list_ids": [],
                "protocol": "-1",
                "security_groups": [],
                "self": false,
                "to_port": 0
              }
            ],
            "id": "sg-022c6738bb03c2446",
            "ingress": [
              {
                "cidr_blocks": [
                  "0.0.0.0/0"
                ],
                "description": "",
                "from_port": 0,
                "ipv6_cidr_blocks": [],
                "prefix_list_ids": [],
                "protocol": "-1",
                "security_groups": [],
                "self": false,
                "to_port": 0
              },
              {
                "cidr_blocks": [],
                "description": "",
                "from_port": 80,
                "ipv6_cidr_blocks": [],
                "prefix_list_ids": [],
                "protocol": "tcp",
                "security_groups": [
                  "sg-03ef22103245f79d1"
                ],
                "self": false,
                "to_port": 80
              }
            ],
            "name": "umg-is-tf-sg-public20230603002342056900000007",
            "name_prefix": "umg-is-tf-sg-public",
            "owner_id": "831187637319",
            "revoke_rules_on_delete": false,
            "tags": null,
            "tags_all": {},
            "timeouts": null,
            "vpc_id": "vpc-0ac4f798023280716"
          },
          "sensitive_attributes": [],
          "private": "eyJlMmJmYjczMC1lY2FhLTExZTYtOGY4OC0zNDM2M2JjN2M0YzAiOnsiY3JlYXRlIjo2MDAwMDAwMDAwMDAsImRlbGV0ZSI6OTAwMDAwMDAwMDAwfSwic2NoZW1hX3ZlcnNpb24iOiIxIn0=",
          "dependencies": [
            "aws_s3_bucket.this",
            "aws_security_group.alb-public",
            "aws_vpc.this"
          ]
        }
      ]
    },
    {
      "mode": "managed",
      "type": "aws_subnet",
      "name": "db-subnet-1",
      "provider": "provider[\"registry.terraform.io/hashicorp/aws\"]",
      "instances": [
        {
          "schema_version": 1,
          "attributes": {
            "arn": "arn:aws:ec2:us-east-1:831187637319:subnet/subnet-025d26b359d874eb5",
            "assign_ipv6_address_on_creation": false,
            "availability_zone": "us-east-1a",
            "availability_zone_id": "use1-az4",
            "cidr_block": "192.168.4.0/24",
            "customer_owned_ipv4_pool": "",
            "enable_dns64": false,
            "enable_lni_at_device_index": 0,
            "enable_resource_name_dns_a_record_on_launch": false,
            "enable_resource_name_dns_aaaa_record_on_launch": false,
            "id": "subnet-025d26b359d874eb5",
            "ipv6_cidr_block": "",
            "ipv6_cidr_block_association_id": "",
            "ipv6_native": false,
            "map_customer_owned_ip_on_launch": false,
            "map_public_ip_on_launch": false,
            "outpost_arn": "",
            "owner_id": "831187637319",
            "private_dns_hostname_type_on_launch": "ip-name",
            "tags": {
              "Environment": "dev",
              "Name": "umg-is-tf-db-subnet-1",
              "Path": "terraform/subnets-db.tf"
            },
            "tags_all": {
              "Environment": "dev",
              "Name": "umg-is-tf-db-subnet-1",
              "Path": "terraform/subnets-db.tf"
            },
            "timeouts": null,
            "vpc_id": "vpc-0ac4f798023280716"
          },
          "sensitive_attributes": [],
          "private": "eyJlMmJmYjczMC1lY2FhLTExZTYtOGY4OC0zNDM2M2JjN2M0YzAiOnsiY3JlYXRlIjo2MDAwMDAwMDAwMDAsImRlbGV0ZSI6MTIwMDAwMDAwMDAwMH0sInNjaGVtYV92ZXJzaW9uIjoiMSJ9",
          "dependencies": [
            "aws_s3_bucket.this",
            "aws_vpc.this"
          ]
        }
      ]
    },
    {
      "mode": "managed",
      "type": "aws_subnet",
      "name": "db-subnet-2",
      "provider": "provider[\"registry.terraform.io/hashicorp/aws\"]",
      "instances": [
        {
          "schema_version": 1,
          "attributes": {
            "arn": "arn:aws:ec2:us-east-1:831187637319:subnet/subnet-0820bbafc19e1164e",
            "assign_ipv6_address_on_creation": false,
            "availability_zone": "us-east-1b",
            "availability_zone_id": "use1-az6",
            "cidr_block": "192.168.5.0/24",
            "customer_owned_ipv4_pool": "",
            "enable_dns64": false,
            "enable_lni_at_device_index": 0,
            "enable_resource_name_dns_a_record_on_launch": false,
            "enable_resource_name_dns_aaaa_record_on_launch": false,
            "id": "subnet-0820bbafc19e1164e",
            "ipv6_cidr_block": "",
            "ipv6_cidr_block_association_id": "",
            "ipv6_native": false,
            "map_customer_owned_ip_on_launch": false,
            "map_public_ip_on_launch": false,
            "outpost_arn": "",
            "owner_id": "831187637319",
            "private_dns_hostname_type_on_launch": "ip-name",
            "tags": {
              "Environment": "dev",
              "Name": "umg-is-tf-db-subnet-2",
              "Path": "terraform/subnets-db.tf"
            },
            "tags_all": {
              "Environment": "dev",
              "Name": "umg-is-tf-db-subnet-2",
              "Path": "terraform/subnets-db.tf"
            },
            "timeouts": null,
            "vpc_id": "vpc-0ac4f798023280716"
          },
          "sensitive_attributes": [],
          "private": "eyJlMmJmYjczMC1lY2FhLTExZTYtOGY4OC0zNDM2M2JjN2M0YzAiOnsiY3JlYXRlIjo2MDAwMDAwMDAwMDAsImRlbGV0ZSI6MTIwMDAwMDAwMDAwMH0sInNjaGVtYV92ZXJzaW9uIjoiMSJ9",
          "dependencies": [
            "aws_s3_bucket.this",
            "aws_vpc.this"
          ]
        }
      ]
    },
    {
      "mode": "managed",
      "type": "aws_subnet",
      "name": "private-subnet-1",
      "provider": "provider[\"registry.terraform.io/hashicorp/aws\"]",
      "instances": [
        {
          "schema_version": 1,
          "attributes": {
            "arn": "arn:aws:ec2:us-east-1:831187637319:subnet/subnet-018d0aa994ce80d99",
            "assign_ipv6_address_on_creation": false,
            "availability_zone": "us-east-1a",
            "availability_zone_id": "use1-az4",
            "cidr_block": "192.168.0.0/24",
            "customer_owned_ipv4_pool": "",
            "enable_dns64": false,
            "enable_lni_at_device_index": 0,
            "enable_resource_name_dns_a_record_on_launch": false,
            "enable_resource_name_dns_aaaa_record_on_launch": false,
            "id": "subnet-018d0aa994ce80d99",
            "ipv6_cidr_block": "",
            "ipv6_cidr_block_association_id": "",
            "ipv6_native": false,
            "map_customer_owned_ip_on_launch": false,
            "map_public_ip_on_launch": false,
            "outpost_arn": "",
            "owner_id": "831187637319",
            "private_dns_hostname_type_on_launch": "ip-name",
            "tags": {
              "Environment": "dev",
              "Name": "umg-is-tf-private-subnet-1",
              "Path": "terraform/subnets-private.tf"
            },
            "tags_all": {
              "Environment": "dev",
              "Name": "umg-is-tf-private-subnet-1",
              "Path": "terraform/subnets-private.tf"
            },
            "timeouts": null,
            "vpc_id": "vpc-0ac4f798023280716"
          },
          "sensitive_attributes": [],
          "private": "eyJlMmJmYjczMC1lY2FhLTExZTYtOGY4OC0zNDM2M2JjN2M0YzAiOnsiY3JlYXRlIjo2MDAwMDAwMDAwMDAsImRlbGV0ZSI6MTIwMDAwMDAwMDAwMH0sInNjaGVtYV92ZXJzaW9uIjoiMSJ9",
          "dependencies": [
            "aws_s3_bucket.this",
            "aws_vpc.this"
          ]
        }
      ]
    },
    {
      "mode": "managed",
      "type": "aws_subnet",
      "name": "private-subnet-2",
      "provider": "provider[\"registry.terraform.io/hashicorp/aws\"]",
      "instances": [
        {
          "schema_version": 1,
          "attributes": {
            "arn": "arn:aws:ec2:us-east-1:831187637319:subnet/subnet-07a94b8d3ce617673",
            "assign_ipv6_address_on_creation": false,
            "availability_zone": "us-east-1b",
            "availability_zone_id": "use1-az6",
            "cidr_block": "192.168.1.0/24",
            "customer_owned_ipv4_pool": "",
            "enable_dns64": false,
            "enable_lni_at_device_index": 0,
            "enable_resource_name_dns_a_record_on_launch": false,
            "enable_resource_name_dns_aaaa_record_on_launch": false,
            "id": "subnet-07a94b8d3ce617673",
            "ipv6_cidr_block": "",
            "ipv6_cidr_block_association_id": "",
            "ipv6_native": false,
            "map_customer_owned_ip_on_launch": false,
            "map_public_ip_on_launch": false,
            "outpost_arn": "",
            "owner_id": "831187637319",
            "private_dns_hostname_type_on_launch": "ip-name",
            "tags": {
              "Environment": "dev",
              "Name": "umg-is-tf-private-subnet-2",
              "Path": "terraform/subnets-private.tf"
            },
            "tags_all": {
              "Environment": "dev",
              "Name": "umg-is-tf-private-subnet-2",
              "Path": "terraform/subnets-private.tf"
            },
            "timeouts": null,
            "vpc_id": "vpc-0ac4f798023280716"
          },
          "sensitive_attributes": [],
          "private": "eyJlMmJmYjczMC1lY2FhLTExZTYtOGY4OC0zNDM2M2JjN2M0YzAiOnsiY3JlYXRlIjo2MDAwMDAwMDAwMDAsImRlbGV0ZSI6MTIwMDAwMDAwMDAwMH0sInNjaGVtYV92ZXJzaW9uIjoiMSJ9",
          "dependencies": [
            "aws_s3_bucket.this",
            "aws_vpc.this"
          ]
        }
      ]
    },
    {
      "mode": "managed",
      "type": "aws_subnet",
      "name": "public-subnet-1",
      "provider": "provider[\"registry.terraform.io/hashicorp/aws\"]",
      "instances": [
        {
          "schema_version": 1,
          "attributes": {
            "arn": "arn:aws:ec2:us-east-1:831187637319:subnet/subnet-015c822170ea8052a",
            "assign_ipv6_address_on_creation": false,
            "availability_zone": "us-east-1a",
            "availability_zone_id": "use1-az4",
            "cidr_block": "192.168.2.0/24",
            "customer_owned_ipv4_pool": "",
            "enable_dns64": false,
            "enable_lni_at_device_index": 0,
            "enable_resource_name_dns_a_record_on_launch": false,
            "enable_resource_name_dns_aaaa_record_on_launch": false,
            "id": "subnet-015c822170ea8052a",
            "ipv6_cidr_block": "",
            "ipv6_cidr_block_association_id": "",
            "ipv6_native": false,
            "map_customer_owned_ip_on_launch": false,
            "map_public_ip_on_launch": true,
            "outpost_arn": "",
            "owner_id": "831187637319",
            "private_dns_hostname_type_on_launch": "ip-name",
            "tags": {
              "Environment": "dev",
              "Name": "umg-is-tf-public-subnet-1",
              "Path": "terraform/subnets-public.tf"
            },
            "tags_all": {
              "Environment": "dev",
              "Name": "umg-is-tf-public-subnet-1",
              "Path": "terraform/subnets-public.tf"
            },
            "timeouts": null,
            "vpc_id": "vpc-0ac4f798023280716"
          },
          "sensitive_attributes": [],
          "private": "eyJlMmJmYjczMC1lY2FhLTExZTYtOGY4OC0zNDM2M2JjN2M0YzAiOnsiY3JlYXRlIjo2MDAwMDAwMDAwMDAsImRlbGV0ZSI6MTIwMDAwMDAwMDAwMH0sInNjaGVtYV92ZXJzaW9uIjoiMSJ9",
          "dependencies": [
            "aws_s3_bucket.this",
            "aws_vpc.this"
          ]
        }
      ]
    },
    {
      "mode": "managed",
      "type": "aws_subnet",
      "name": "public-subnet-2",
      "provider": "provider[\"registry.terraform.io/hashicorp/aws\"]",
      "instances": [
        {
          "schema_version": 1,
          "attributes": {
            "arn": "arn:aws:ec2:us-east-1:831187637319:subnet/subnet-0f9d26b21e543d23e",
            "assign_ipv6_address_on_creation": false,
            "availability_zone": "us-east-1b",
            "availability_zone_id": "use1-az6",
            "cidr_block": "192.168.3.0/24",
            "customer_owned_ipv4_pool": "",
            "enable_dns64": false,
            "enable_lni_at_device_index": 0,
            "enable_resource_name_dns_a_record_on_launch": false,
            "enable_resource_name_dns_aaaa_record_on_launch": false,
            "id": "subnet-0f9d26b21e543d23e",
            "ipv6_cidr_block": "",
            "ipv6_cidr_block_association_id": "",
            "ipv6_native": false,
            "map_customer_owned_ip_on_launch": false,
            "map_public_ip_on_launch": true,
            "outpost_arn": "",
            "owner_id": "831187637319",
            "private_dns_hostname_type_on_launch": "ip-name",
            "tags": {
              "Environment": "dev",
              "Name": "umg-is-tf-public-subnet-2",
              "Path": "terraform/subnets-public.tf"
            },
            "tags_all": {
              "Environment": "dev",
              "Name": "umg-is-tf-public-subnet-2",
              "Path": "terraform/subnets-public.tf"
            },
            "timeouts": null,
            "vpc_id": "vpc-0ac4f798023280716"
          },
          "sensitive_attributes": [],
          "private": "eyJlMmJmYjczMC1lY2FhLTExZTYtOGY4OC0zNDM2M2JjN2M0YzAiOnsiY3JlYXRlIjo2MDAwMDAwMDAwMDAsImRlbGV0ZSI6MTIwMDAwMDAwMDAwMH0sInNjaGVtYV92ZXJzaW9uIjoiMSJ9",
          "dependencies": [
            "aws_s3_bucket.this",
            "aws_vpc.this"
          ]
        }
      ]
    },
    {
      "mode": "managed",
      "type": "aws_vpc",
      "name": "this",
      "provider": "provider[\"registry.terraform.io/hashicorp/aws\"]",
      "instances": [
        {
          "schema_version": 1,
          "attributes": {
            "arn": "arn:aws:ec2:us-east-1:831187637319:vpc/vpc-0ac4f798023280716",
            "assign_generated_ipv6_cidr_block": false,
            "cidr_block": "192.168.0.0/16",
            "default_network_acl_id": "acl-06cd0999fbf9627d6",
            "default_route_table_id": "rtb-0fe417c0935c6954d",
            "default_security_group_id": "sg-0ed6814d87e8207c1",
            "dhcp_options_id": "dopt-0d619b2cc4568acf4",
            "enable_dns_hostnames": false,
            "enable_dns_support": true,
            "enable_network_address_usage_metrics": false,
            "id": "vpc-0ac4f798023280716",
            "instance_tenancy": "default",
            "ipv4_ipam_pool_id": null,
            "ipv4_netmask_length": null,
            "ipv6_association_id": "",
            "ipv6_cidr_block": "",
            "ipv6_cidr_block_network_border_group": "",
            "ipv6_ipam_pool_id": "",
            "ipv6_netmask_length": 0,
            "main_route_table_id": "rtb-0fe417c0935c6954d",
            "owner_id": "831187637319",
            "tags": {
              "Environment": "dev",
              "Name": "umg-is-tf-vpc",
              "Path": "terraform/vpc.tf"
            },
            "tags_all": {
              "Environment": "dev",
              "Name": "umg-is-tf-vpc",
              "Path": "terraform/vpc.tf"
            }
          },
          "sensitive_attributes": [],
          "private": "eyJzY2hlbWFfdmVyc2lvbiI6IjEifQ==",
          "dependencies": [
            "aws_s3_bucket.this"
          ]
        }
      ]
    },
    {
      "mode": "managed",
      "type": "local_file",
      "name": "private_key",
      "provider": "provider[\"registry.terraform.io/hashicorp/local\"]",
      "instances": [
        {
          "schema_version": 0,
          "attributes": {
            "content": "-----BEGIN RSA PRIVATE KEY-----\nMIIEowIBAAKCAQEAzv/s5NYfJkJJ2NCMCoewV0rmI0un/UiPI6dHtJSFjfyCqY11\nrzt564XLMqqdnYa4mnW9WY/p6jwiQg5cuK1q1/NOpQVB3uh0CItCJRVHe5kFsvDM\n6hcszkZw975YwCqeQC6O/E3a6lppabyuSOgnTvWVgoHVv3hj7nOS6SokoZayU4SI\nm8Y5LwM8lRsD20lUUzIh90bsdgCFP6oidSrN4dRDg8jMYhWajyrpSngiIlbuAEru\nOEntzz6EAJbhT+LzmKxz6tUIw1/hYueT2GwKvcuPINdSyzLdU4qg+JpkrTIXmvnG\nUiNI/cm7lx6HRce3I6HevuYSf8Bn9sv9H7wnhQIDAQABAoIBAQCen7W8Im1aVx/Z\n2u4Fv7cdHZM/5uEDkg/GZZDoS4wQozjJj1Johu5F0pBE8kO4DB34l1MTh9nbmlsy\nPWlGR/YBKDzS7jVtCLqqNXTpj+XoS/n3BtowZLP8GjTFVIMUN1RvoH4Hz+16+u+e\njG0OB4Df3AfHK5FNmYcSmlQxAw9xFvUZYlteFww60PbgCcvqvK/6eEG0iQ33NCTn\nDsRGB0OD4HgEP1t6BuBVwFX/mAZJ06uUGHfBqpYXMS3XrUGmnBtPrT4QlXPApSC4\n8uPGdvcK57ahYbwUReU2dhs1lnS/4wBDM8vbyjHY5DVciImdfJ9d264jEJvaEUlA\njnqu1tsBAoGBAPhnaa18U0OdL4eXqTW51zr6V5uRkYj87LKeica6wfVYhs8Q7eg7\ndhp26NQWYEO5wk1PxwiT9+F+WMggtV6AHiH6jOOsfSYNycpevCdGMH1/26IlQoQ5\nWX3lSpE9R2fn+0ix9APmlpk9m9AipxILQ3jOr6r0R+p1Zhvagg5P5SrFAoGBANVU\nYviatXbcz0yb783+0hNbVGzLNJqCTvKhWjUyi0GPDCgms7lCQS9mDBTeDttoKF7k\nf7z+dRGneLBLN8Isf4TlklrMJax9/SIkx7V1R8M+xPOJoCBETnl2LNh99RsG9mfz\nVZnOOy9YUsC1eaTb9RJVRvaKpVbToCbBzhQT7dXBAoGAZxSi6fc5pklIPABXm4/v\nHO5eBJS3zB0JLGZVzj4Z1vJRnwPrdf+W1wyZOcm/UNt5IhQFCC4/IzgHJ6VLHlgU\nKQ2MAb7GgFAgePYvJi0eWjYAspy7qZsS5AeOlg7T3u6JfHU8SZIa1KSYUBrRMc+y\nxCMhCtQsM8NcCBr49W96LfECgYBt+hUTyN4oKumLuxBDiEzQwdKiS5gQ14DPwLL6\nndYAtDg2Ms2QgkGMp/UuhNPv9KBrWy0nR58evNGRQRW7uqj64Ec1G+2IIWNwSLnU\nKGQYmbF7Q8YTHGPAZlX0PeswRcSeDmpg4lrMq6HtyyCtBuAu1VvCGfPm8S6tDFir\nLSL9gQKBgD9cmJUlCN8c338JCPIWGVXgujSBkAqLChCcM7xBO8b1N2lA93iQlMw5\njEipET1Ecayw6ccJztgTK7c3PVisH6/Bpg2F2d+0MTau2qCpkBg/aym2+jm3M2wo\nce42WjWYglB81tLiR+ocpeKthNvedSB9Vap9pn1lgeIdDiqPe+EB\n-----END RSA PRIVATE KEY-----\n",
            "content_base64": null,
            "content_base64sha256": "1gEq9uiPKAy7sv3H6aNOqVoyqr03/uj4wRxM9Apoaf8=",
            "content_base64sha512": "C+qW3R7GPPnW+liHaSBB9lH2f2AhjyXpxWN22IOyy/znZwWwvNmeMT4NOhAJ+8Ci128iIjIie6U4I0jC6UAECg==",
            "content_md5": "99a8282cf35771309154a53d050290d2",
            "content_sha1": "f85c8ad46289c2781791badf0241f2b9caae5f42",
            "content_sha256": "d6012af6e88f280cbbb2fdc7e9a34ea95a32aabd37fee8f8c11c4cf40a6869ff",
            "content_sha512": "0bea96dd1ec63cf9d6fa5887692041f651f67f60218f25e9c56376d883b2cbfce76705b0bcd99e313e0d3a1009fbc0a2d76f222232227ba5382348c2e940040a",
            "directory_permission": "0777",
            "file_permission": "0777",
            "filename": "./generated_key.pem",
            "id": "f85c8ad46289c2781791badf0241f2b9caae5f42",
            "sensitive_content": null,
            "source": null
          },
          "sensitive_attributes": [
            [
              {
                "type": "get_attr",
                "value": "content"
              }
            ]
          ],
          "dependencies": [
            "tls_private_key.this"
          ]
        }
      ]
    },
    {
      "mode": "managed",
      "type": "tls_private_key",
      "name": "this",
      "provider": "provider[\"registry.terraform.io/hashicorp/tls\"]",
      "instances": [
        {
          "schema_version": 1,
          "attributes": {
            "algorithm": "RSA",
            "ecdsa_curve": "P224",
            "id": "5145f6dadd598a2c7c1bc4a867ac916091c5f21b",
            "private_key_openssh": "-----BEGIN OPENSSH PRIVATE KEY-----\nb3BlbnNzaC1rZXktdjEAAAAABG5vbmUAAAAEbm9uZQAAAAAAAAABAAABFwAAAAdz\nc2gtcnNhAAAAAwEAAQAAAQEAzv/s5NYfJkJJ2NCMCoewV0rmI0un/UiPI6dHtJSF\njfyCqY11rzt564XLMqqdnYa4mnW9WY/p6jwiQg5cuK1q1/NOpQVB3uh0CItCJRVH\ne5kFsvDM6hcszkZw975YwCqeQC6O/E3a6lppabyuSOgnTvWVgoHVv3hj7nOS6Sok\noZayU4SIm8Y5LwM8lRsD20lUUzIh90bsdgCFP6oidSrN4dRDg8jMYhWajyrpSngi\nIlbuAEruOEntzz6EAJbhT+LzmKxz6tUIw1/hYueT2GwKvcuPINdSyzLdU4qg+Jpk\nrTIXmvnGUiNI/cm7lx6HRce3I6HevuYSf8Bn9sv9H7wnhQAAA7jP4w0Gz+MNBgAA\nAAdzc2gtcnNhAAABAQDO/+zk1h8mQknY0IwKh7BXSuYjS6f9SI8jp0e0lIWN/IKp\njXWvO3nrhcsyqp2dhriadb1Zj+nqPCJCDly4rWrX806lBUHe6HQIi0IlFUd7mQWy\n8MzqFyzORnD3vljAKp5ALo78TdrqWmlpvK5I6CdO9ZWCgdW/eGPuc5LpKiShlrJT\nhIibxjkvAzyVGwPbSVRTMiH3Rux2AIU/qiJ1Ks3h1EODyMxiFZqPKulKeCIiVu4A\nSu44Se3PPoQAluFP4vOYrHPq1QjDX+Fi55PYbAq9y48g11LLMt1TiqD4mmStMhea\n+cZSI0j9ybuXHodFx7cjod6+5hJ/wGf2y/0fvCeFAAAAAwEAAQAAAQEAnp+1vCJt\nWlcf2druBb+3HR2TP+bhA5IPxmWQ6EuMEKM4yY9SaIbuRdKQRPJDuAwd+JdTE4fZ\n25pbMj1pRkf2ASg80u41bQi6qjV06Y/l6Ev59wbaMGSz/Bo0xVSDFDdUb6B+B8/t\nevrvnoxtDgeA39wHxyuRTZmHEppUMQMPcRb1GWJbXhcMOtD24AnL6ryv+nhBtIkN\n9zQk5w7ERgdDg+B4BD9begbgVcBV/5gGSdOrlBh3waqWFzEt161BppwbT60+EJVz\nwKUguPLjxnb3Cue2oWG8FEXlNnYbNZZ0v+MAQzPL28ox2OQ1XIiJnXyfXduuIxCb\n2hFJQI56rtbbAQAAAIA/XJiVJQjfHN9/CQjyFhlV4Lo0gZAKiwoQnDO8QTvG9Tdp\nQPd4kJTMOYxIqRE9RHGssOnHCc7YEyu3Nz1YrB+vwaYNhdnftDE2rtqgqZAYP2sp\ntvo5tzNsKHHuNlo1mIJQfNbS4kfqHKXirYTb3nUgfVWqfaZ9ZYHiHQ4qj3vhAQAA\nAIEA+GdprXxTQ50vh5epNbnXOvpXm5GRiPzssp6JxrrB9ViGzxDt6Dt2Gnbo1BZg\nQ7nCTU/HCJP34X5YyCC1XoAeIfqM46x9Jg3Jyl68J0YwfX/boiVChDlZfeVKkT1H\nZ+f7SLH0A+aWmT2b0CKnEgtDeM6vqvRH6nVmG9qCDk/lKsUAAACBANVUYviatXbc\nz0yb783+0hNbVGzLNJqCTvKhWjUyi0GPDCgms7lCQS9mDBTeDttoKF7kf7z+dRGn\neLBLN8Isf4TlklrMJax9/SIkx7V1R8M+xPOJoCBETnl2LNh99RsG9mfzVZnOOy9Y\nUsC1eaTb9RJVRvaKpVbToCbBzhQT7dXBAAAAAAEC\n-----END OPENSSH PRIVATE KEY-----\n",
            "private_key_pem": "-----BEGIN RSA PRIVATE KEY-----\nMIIEowIBAAKCAQEAzv/s5NYfJkJJ2NCMCoewV0rmI0un/UiPI6dHtJSFjfyCqY11\nrzt564XLMqqdnYa4mnW9WY/p6jwiQg5cuK1q1/NOpQVB3uh0CItCJRVHe5kFsvDM\n6hcszkZw975YwCqeQC6O/E3a6lppabyuSOgnTvWVgoHVv3hj7nOS6SokoZayU4SI\nm8Y5LwM8lRsD20lUUzIh90bsdgCFP6oidSrN4dRDg8jMYhWajyrpSngiIlbuAEru\nOEntzz6EAJbhT+LzmKxz6tUIw1/hYueT2GwKvcuPINdSyzLdU4qg+JpkrTIXmvnG\nUiNI/cm7lx6HRce3I6HevuYSf8Bn9sv9H7wnhQIDAQABAoIBAQCen7W8Im1aVx/Z\n2u4Fv7cdHZM/5uEDkg/GZZDoS4wQozjJj1Johu5F0pBE8kO4DB34l1MTh9nbmlsy\nPWlGR/YBKDzS7jVtCLqqNXTpj+XoS/n3BtowZLP8GjTFVIMUN1RvoH4Hz+16+u+e\njG0OB4Df3AfHK5FNmYcSmlQxAw9xFvUZYlteFww60PbgCcvqvK/6eEG0iQ33NCTn\nDsRGB0OD4HgEP1t6BuBVwFX/mAZJ06uUGHfBqpYXMS3XrUGmnBtPrT4QlXPApSC4\n8uPGdvcK57ahYbwUReU2dhs1lnS/4wBDM8vbyjHY5DVciImdfJ9d264jEJvaEUlA\njnqu1tsBAoGBAPhnaa18U0OdL4eXqTW51zr6V5uRkYj87LKeica6wfVYhs8Q7eg7\ndhp26NQWYEO5wk1PxwiT9+F+WMggtV6AHiH6jOOsfSYNycpevCdGMH1/26IlQoQ5\nWX3lSpE9R2fn+0ix9APmlpk9m9AipxILQ3jOr6r0R+p1Zhvagg5P5SrFAoGBANVU\nYviatXbcz0yb783+0hNbVGzLNJqCTvKhWjUyi0GPDCgms7lCQS9mDBTeDttoKF7k\nf7z+dRGneLBLN8Isf4TlklrMJax9/SIkx7V1R8M+xPOJoCBETnl2LNh99RsG9mfz\nVZnOOy9YUsC1eaTb9RJVRvaKpVbToCbBzhQT7dXBAoGAZxSi6fc5pklIPABXm4/v\nHO5eBJS3zB0JLGZVzj4Z1vJRnwPrdf+W1wyZOcm/UNt5IhQFCC4/IzgHJ6VLHlgU\nKQ2MAb7GgFAgePYvJi0eWjYAspy7qZsS5AeOlg7T3u6JfHU8SZIa1KSYUBrRMc+y\nxCMhCtQsM8NcCBr49W96LfECgYBt+hUTyN4oKumLuxBDiEzQwdKiS5gQ14DPwLL6\nndYAtDg2Ms2QgkGMp/UuhNPv9KBrWy0nR58evNGRQRW7uqj64Ec1G+2IIWNwSLnU\nKGQYmbF7Q8YTHGPAZlX0PeswRcSeDmpg4lrMq6HtyyCtBuAu1VvCGfPm8S6tDFir\nLSL9gQKBgD9cmJUlCN8c338JCPIWGVXgujSBkAqLChCcM7xBO8b1N2lA93iQlMw5\njEipET1Ecayw6ccJztgTK7c3PVisH6/Bpg2F2d+0MTau2qCpkBg/aym2+jm3M2wo\nce42WjWYglB81tLiR+ocpeKthNvedSB9Vap9pn1lgeIdDiqPe+EB\n-----END RSA PRIVATE KEY-----\n",
            "private_key_pem_pkcs8": "-----BEGIN PRIVATE KEY-----\nMIIEvQIBADANBgkqhkiG9w0BAQEFAASCBKcwggSjAgEAAoIBAQDO/+zk1h8mQknY\n0IwKh7BXSuYjS6f9SI8jp0e0lIWN/IKpjXWvO3nrhcsyqp2dhriadb1Zj+nqPCJC\nDly4rWrX806lBUHe6HQIi0IlFUd7mQWy8MzqFyzORnD3vljAKp5ALo78TdrqWmlp\nvK5I6CdO9ZWCgdW/eGPuc5LpKiShlrJThIibxjkvAzyVGwPbSVRTMiH3Rux2AIU/\nqiJ1Ks3h1EODyMxiFZqPKulKeCIiVu4ASu44Se3PPoQAluFP4vOYrHPq1QjDX+Fi\n55PYbAq9y48g11LLMt1TiqD4mmStMhea+cZSI0j9ybuXHodFx7cjod6+5hJ/wGf2\ny/0fvCeFAgMBAAECggEBAJ6ftbwibVpXH9na7gW/tx0dkz/m4QOSD8ZlkOhLjBCj\nOMmPUmiG7kXSkETyQ7gMHfiXUxOH2duaWzI9aUZH9gEoPNLuNW0Iuqo1dOmP5ehL\n+fcG2jBks/waNMVUgxQ3VG+gfgfP7Xr6756MbQ4HgN/cB8crkU2ZhxKaVDEDD3EW\n9RliW14XDDrQ9uAJy+q8r/p4QbSJDfc0JOcOxEYHQ4PgeAQ/W3oG4FXAVf+YBknT\nq5QYd8GqlhcxLdetQaacG0+tPhCVc8ClILjy48Z29wrntqFhvBRF5TZ2GzWWdL/j\nAEMzy9vKMdjkNVyIiZ18n13briMQm9oRSUCOeq7W2wECgYEA+GdprXxTQ50vh5ep\nNbnXOvpXm5GRiPzssp6JxrrB9ViGzxDt6Dt2Gnbo1BZgQ7nCTU/HCJP34X5YyCC1\nXoAeIfqM46x9Jg3Jyl68J0YwfX/boiVChDlZfeVKkT1HZ+f7SLH0A+aWmT2b0CKn\nEgtDeM6vqvRH6nVmG9qCDk/lKsUCgYEA1VRi+Jq1dtzPTJvvzf7SE1tUbMs0moJO\n8qFaNTKLQY8MKCazuUJBL2YMFN4O22goXuR/vP51Ead4sEs3wix/hOWSWswlrH39\nIiTHtXVHwz7E84mgIEROeXYs2H31Gwb2Z/NVmc47L1hSwLV5pNv1ElVG9oqlVtOg\nJsHOFBPt1cECgYBnFKLp9zmmSUg8AFebj+8c7l4ElLfMHQksZlXOPhnW8lGfA+t1\n/5bXDJk5yb9Q23kiFAUILj8jOAcnpUseWBQpDYwBvsaAUCB49i8mLR5aNgCynLup\nmxLkB46WDtPe7ol8dTxJkhrUpJhQGtExz7LEIyEK1Cwzw1wIGvj1b3ot8QKBgG36\nFRPI3igq6Yu7EEOITNDB0qJLmBDXgM/Asvqd1gC0ODYyzZCCQYyn9S6E0+/0oGtb\nLSdHnx680ZFBFbu6qPrgRzUb7YghY3BIudQoZBiZsXtDxhMcY8BmVfQ96zBFxJ4O\namDiWsyroe3LIK0G4C7VW8IZ8+bxLq0MWKstIv2BAoGAP1yYlSUI3xzffwkI8hYZ\nVeC6NIGQCosKEJwzvEE7xvU3aUD3eJCUzDmMSKkRPURxrLDpxwnO2BMrtzc9WKwf\nr8GmDYXZ37QxNq7aoKmQGD9rKbb6ObczbChx7jZaNZiCUHzW0uJH6hyl4q2E2951\nIH1Vqn2mfWWB4h0OKo974QE=\n-----END PRIVATE KEY-----\n",
            "public_key_fingerprint_md5": "e1:67:f9:14:76:37:29:bd:2b:e1:b4:35:71:0f:33:7b",
            "public_key_fingerprint_sha256": "SHA256:NmUWXwsmcJlL9DIQw5D8UeKSsTzA/g7DBeZBvl3A0xU",
            "public_key_openssh": "ssh-rsa AAAAB3NzaC1yc2EAAAADAQABAAABAQDO/+zk1h8mQknY0IwKh7BXSuYjS6f9SI8jp0e0lIWN/IKpjXWvO3nrhcsyqp2dhriadb1Zj+nqPCJCDly4rWrX806lBUHe6HQIi0IlFUd7mQWy8MzqFyzORnD3vljAKp5ALo78TdrqWmlpvK5I6CdO9ZWCgdW/eGPuc5LpKiShlrJThIibxjkvAzyVGwPbSVRTMiH3Rux2AIU/qiJ1Ks3h1EODyMxiFZqPKulKeCIiVu4ASu44Se3PPoQAluFP4vOYrHPq1QjDX+Fi55PYbAq9y48g11LLMt1TiqD4mmStMhea+cZSI0j9ybuXHodFx7cjod6+5hJ/wGf2y/0fvCeF\n",
            "public_key_pem": "-----BEGIN PUBLIC KEY-----\nMIIBIjANBgkqhkiG9w0BAQEFAAOCAQ8AMIIBCgKCAQEAzv/s5NYfJkJJ2NCMCoew\nV0rmI0un/UiPI6dHtJSFjfyCqY11rzt564XLMqqdnYa4mnW9WY/p6jwiQg5cuK1q\n1/NOpQVB3uh0CItCJRVHe5kFsvDM6hcszkZw975YwCqeQC6O/E3a6lppabyuSOgn\nTvWVgoHVv3hj7nOS6SokoZayU4SIm8Y5LwM8lRsD20lUUzIh90bsdgCFP6oidSrN\n4dRDg8jMYhWajyrpSngiIlbuAEruOEntzz6EAJbhT+LzmKxz6tUIw1/hYueT2GwK\nvcuPINdSyzLdU4qg+JpkrTIXmvnGUiNI/cm7lx6HRce3I6HevuYSf8Bn9sv9H7wn\nhQIDAQAB\n-----END PUBLIC KEY-----\n",
            "rsa_bits": 2048
          },
          "sensitive_attributes": []
        }
      ]
    }
  ],
  "check_results": null
}
